// !$*UTF8*$!
{
	archiveVersion = 1;
	classes = {
	};
	objectVersion = 46;
	objects = {

/* Begin PBXBuildFile section */
		00E356F31AD99517003FC87E /* MBTaxiTests.m in Sources */ = {isa = PBXBuildFile; fileRef = 00E356F21AD99517003FC87E /* MBTaxiTests.m */; };
		083111B6B0CB4236A7AB8215 /* Montserrat-Bold.ttf in Resources */ = {isa = PBXBuildFile; fileRef = 311A0029167D49FD9DAC565D /* Montserrat-Bold.ttf */; };
		10E19419418D4CED91F65E8A /* Montserrat-SemiBold.ttf in Resources */ = {isa = PBXBuildFile; fileRef = 0C55E41D623A4560AC099F11 /* Montserrat-SemiBold.ttf */; };
		13B07FBC1A68108700A75B9A /* AppDelegate.m in Sources */ = {isa = PBXBuildFile; fileRef = 13B07FB01A68108700A75B9A /* AppDelegate.m */; };
		13B07FBF1A68108700A75B9A /* Images.xcassets in Resources */ = {isa = PBXBuildFile; fileRef = 13B07FB51A68108700A75B9A /* Images.xcassets */; };
		13B07FC11A68108700A75B9A /* main.m in Sources */ = {isa = PBXBuildFile; fileRef = 13B07FB71A68108700A75B9A /* main.m */; };
		16BE1BF1ABA54AAB9CEA9A64 /* Montserrat-SemiBoldItalic.ttf in Resources */ = {isa = PBXBuildFile; fileRef = BECC8C313DDC435A8B56EB9E /* Montserrat-SemiBoldItalic.ttf */; };
		1B4C00B349C02FB8F99D8BAC /* libPods-MBTaxi-tvOSTests.a in Frameworks */ = {isa = PBXBuildFile; fileRef = ADE595ADA46D92CFDE5AD508 /* libPods-MBTaxi-tvOSTests.a */; };
		20356A9CE88D47EAA8E71E93 /* Montserrat-Italic.ttf in Resources */ = {isa = PBXBuildFile; fileRef = BC1E78B0EC2B491DA9EA5FAF /* Montserrat-Italic.ttf */; };
		27D3125178A34F1F84961653 /* Montserrat-ExtraLight.ttf in Resources */ = {isa = PBXBuildFile; fileRef = 7CDA03F506CE4786B2A10F33 /* Montserrat-ExtraLight.ttf */; };
		2D02E4BC1E0B4A80006451C7 /* AppDelegate.m in Sources */ = {isa = PBXBuildFile; fileRef = 13B07FB01A68108700A75B9A /* AppDelegate.m */; };
		2D02E4BD1E0B4A84006451C7 /* Images.xcassets in Resources */ = {isa = PBXBuildFile; fileRef = 13B07FB51A68108700A75B9A /* Images.xcassets */; };
		2D02E4BF1E0B4AB3006451C7 /* main.m in Sources */ = {isa = PBXBuildFile; fileRef = 13B07FB71A68108700A75B9A /* main.m */; };
		2D6AA12B836A4BEBAB911768 /* Montserrat-ThinItalic.ttf in Resources */ = {isa = PBXBuildFile; fileRef = 6650D675617C4CA0934EE034 /* Montserrat-ThinItalic.ttf */; };
		2DCD954D1E0B4F2C00145EB5 /* MBTaxiTests.m in Sources */ = {isa = PBXBuildFile; fileRef = 00E356F21AD99517003FC87E /* MBTaxiTests.m */; };
		475A50EFBFCC4B9CAB7D2EF4 /* Montserrat-BlackItalic.ttf in Resources */ = {isa = PBXBuildFile; fileRef = A0ECA69AB3D547DC81DA0B28 /* Montserrat-BlackItalic.ttf */; };
		515E231B55FB4E93BC642214 /* Montserrat-ExtraLightItalic.ttf in Resources */ = {isa = PBXBuildFile; fileRef = 01DAE1527F2A492B8D972142 /* Montserrat-ExtraLightItalic.ttf */; };
		5CC11462C7E34FEA89D17676 /* Montserrat-LightItalic.ttf in Resources */ = {isa = PBXBuildFile; fileRef = B3D5F97985A64A5E948B7549 /* Montserrat-LightItalic.ttf */; };
		5FE6938226E00E6E00D48D6D /* GoogleService-Info.plist in Resources */ = {isa = PBXBuildFile; fileRef = 5FE6938126E00E6E00D48D6D /* GoogleService-Info.plist */; };
		5FE6938326E00E6E00D48D6D /* GoogleService-Info.plist in Resources */ = {isa = PBXBuildFile; fileRef = 5FE6938126E00E6E00D48D6D /* GoogleService-Info.plist */; };
		5FE6938426E00E6E00D48D6D /* GoogleService-Info.plist in Resources */ = {isa = PBXBuildFile; fileRef = 5FE6938126E00E6E00D48D6D /* GoogleService-Info.plist */; };
		5FE6938526E00E6E00D48D6D /* GoogleService-Info.plist in Resources */ = {isa = PBXBuildFile; fileRef = 5FE6938126E00E6E00D48D6D /* GoogleService-Info.plist */; };
		5FE693CD26E00E9F00D48D6D /* libCocoaAsyncSocket.a in Frameworks */ = {isa = PBXBuildFile; fileRef = 5FE6938E26E00E9F00D48D6D /* libCocoaAsyncSocket.a */; };
		5FE693CE26E00E9F00D48D6D /* libDoubleConversion.a in Frameworks */ = {isa = PBXBuildFile; fileRef = 5FE6938F26E00E9F00D48D6D /* libDoubleConversion.a */; };
		5FE693CF26E00E9F00D48D6D /* libFBReactNativeSpec.a in Frameworks */ = {isa = PBXBuildFile; fileRef = 5FE6939026E00E9F00D48D6D /* libFBReactNativeSpec.a */; };
		5FE693D026E00E9F00D48D6D /* libFirebaseAuth.a in Frameworks */ = {isa = PBXBuildFile; fileRef = 5FE6939126E00E9F00D48D6D /* libFirebaseAuth.a */; };
		5FE693D126E00E9F00D48D6D /* libFirebaseCore.a in Frameworks */ = {isa = PBXBuildFile; fileRef = 5FE6939226E00E9F00D48D6D /* libFirebaseCore.a */; };
		5FE693D226E00E9F00D48D6D /* libFirebaseCoreDiagnostics.a in Frameworks */ = {isa = PBXBuildFile; fileRef = 5FE6939326E00E9F00D48D6D /* libFirebaseCoreDiagnostics.a */; };
		5FE693D326E00E9F00D48D6D /* libFirebaseDatabase.a in Frameworks */ = {isa = PBXBuildFile; fileRef = 5FE6939426E00E9F00D48D6D /* libFirebaseDatabase.a */; };
		5FE693D426E00E9F00D48D6D /* libFirebaseInstallations.a in Frameworks */ = {isa = PBXBuildFile; fileRef = 5FE6939526E00E9F00D48D6D /* libFirebaseInstallations.a */; };
		5FE693D526E00E9F00D48D6D /* libFirebaseStorage.a in Frameworks */ = {isa = PBXBuildFile; fileRef = 5FE6939626E00E9F00D48D6D /* libFirebaseStorage.a */; };
		5FE693D626E00E9F00D48D6D /* libFlipper-DoubleConversion.a in Frameworks */ = {isa = PBXBuildFile; fileRef = 5FE6939726E00E9F00D48D6D /* libFlipper-DoubleConversion.a */; };
		5FE693D726E00E9F00D48D6D /* libFlipper-Folly.a in Frameworks */ = {isa = PBXBuildFile; fileRef = 5FE6939826E00E9F00D48D6D /* libFlipper-Folly.a */; };
		5FE693D826E00E9F00D48D6D /* libFlipper-Glog.a in Frameworks */ = {isa = PBXBuildFile; fileRef = 5FE6939926E00E9F00D48D6D /* libFlipper-Glog.a */; };
		5FE693D926E00E9F00D48D6D /* libFlipper-PeerTalk.a in Frameworks */ = {isa = PBXBuildFile; fileRef = 5FE6939A26E00E9F00D48D6D /* libFlipper-PeerTalk.a */; };
		5FE693DA26E00E9F00D48D6D /* libFlipper-RSocket.a in Frameworks */ = {isa = PBXBuildFile; fileRef = 5FE6939B26E00E9F00D48D6D /* libFlipper-RSocket.a */; };
		5FE693DB26E00E9F00D48D6D /* libFlipper.a in Frameworks */ = {isa = PBXBuildFile; fileRef = 5FE6939C26E00E9F00D48D6D /* libFlipper.a */; };
		5FE693DC26E00E9F00D48D6D /* libFlipperKit.a in Frameworks */ = {isa = PBXBuildFile; fileRef = 5FE6939D26E00E9F00D48D6D /* libFlipperKit.a */; };
		5FE693DD26E00E9F00D48D6D /* libFolly.a in Frameworks */ = {isa = PBXBuildFile; fileRef = 5FE6939E26E00E9F00D48D6D /* libFolly.a */; };
		5FE693DE26E00E9F00D48D6D /* libglog.a in Frameworks */ = {isa = PBXBuildFile; fileRef = 5FE6939F26E00E9F00D48D6D /* libglog.a */; };
		5FE693DF26E00E9F00D48D6D /* libGoogle-Maps-iOS-Utils.a in Frameworks */ = {isa = PBXBuildFile; fileRef = 5FE693A026E00E9F00D48D6D /* libGoogle-Maps-iOS-Utils.a */; };
		5FE693E026E00E9F00D48D6D /* libGoogleDataTransport.a in Frameworks */ = {isa = PBXBuildFile; fileRef = 5FE693A126E00E9F00D48D6D /* libGoogleDataTransport.a */; };
		5FE693E126E00E9F00D48D6D /* libGoogleUtilities.a in Frameworks */ = {isa = PBXBuildFile; fileRef = 5FE693A226E00E9F00D48D6D /* libGoogleUtilities.a */; };
		5FE693E226E00E9F00D48D6D /* libGTMSessionFetcher.a in Frameworks */ = {isa = PBXBuildFile; fileRef = 5FE693A326E00E9F00D48D6D /* libGTMSessionFetcher.a */; };
		5FE693E326E00E9F00D48D6D /* libleveldb-library.a in Frameworks */ = {isa = PBXBuildFile; fileRef = 5FE693A426E00E9F00D48D6D /* libleveldb-library.a */; };
		5FE693E426E00E9F00D48D6D /* liblibevent.a in Frameworks */ = {isa = PBXBuildFile; fileRef = 5FE693A526E00E9F00D48D6D /* liblibevent.a */; };
		5FE693E526E00E9F00D48D6D /* libnanopb.a in Frameworks */ = {isa = PBXBuildFile; fileRef = 5FE693A626E00E9F00D48D6D /* libnanopb.a */; };
		5FE693E626E00E9F00D48D6D /* libPermission-LocationWhenInUse.a in Frameworks */ = {isa = PBXBuildFile; fileRef = 5FE693A726E00E9F00D48D6D /* libPermission-LocationWhenInUse.a */; };
		5FE693EA26E00E9F00D48D6D /* libPods-MBTaxi.a in Frameworks */ = {isa = PBXBuildFile; fileRef = 5FE693AB26E00E9F00D48D6D /* libPods-MBTaxi.a */; };
		5FE693EB26E00E9F00D48D6D /* libPromisesObjC.a in Frameworks */ = {isa = PBXBuildFile; fileRef = 5FE693AC26E00E9F00D48D6D /* libPromisesObjC.a */; };
		5FE693EC26E00EA000D48D6D /* libRCTTypeSafety.a in Frameworks */ = {isa = PBXBuildFile; fileRef = 5FE693AD26E00E9F00D48D6D /* libRCTTypeSafety.a */; };
		5FE693ED26E00EA000D48D6D /* libReact-Core.a in Frameworks */ = {isa = PBXBuildFile; fileRef = 5FE693AE26E00E9F00D48D6D /* libReact-Core.a */; };
		5FE693EE26E00EA000D48D6D /* libReact-CoreModules.a in Frameworks */ = {isa = PBXBuildFile; fileRef = 5FE693AF26E00E9F00D48D6D /* libReact-CoreModules.a */; };
		5FE693EF26E00EA000D48D6D /* libReact-cxxreact.a in Frameworks */ = {isa = PBXBuildFile; fileRef = 5FE693B026E00E9F00D48D6D /* libReact-cxxreact.a */; };
		5FE693F026E00EA000D48D6D /* libReact-jsi.a in Frameworks */ = {isa = PBXBuildFile; fileRef = 5FE693B126E00E9F00D48D6D /* libReact-jsi.a */; };
		5FE693F126E00EA000D48D6D /* libReact-jsiexecutor.a in Frameworks */ = {isa = PBXBuildFile; fileRef = 5FE693B226E00E9F00D48D6D /* libReact-jsiexecutor.a */; };
		5FE693F226E00EA000D48D6D /* libReact-jsinspector.a in Frameworks */ = {isa = PBXBuildFile; fileRef = 5FE693B326E00E9F00D48D6D /* libReact-jsinspector.a */; };
		5FE693F326E00EA000D48D6D /* libreact-native-geolocation-service.a in Frameworks */ = {isa = PBXBuildFile; fileRef = 5FE693B426E00E9F00D48D6D /* libreact-native-geolocation-service.a */; };
		5FE693F426E00EA000D48D6D /* libreact-native-google-maps.a in Frameworks */ = {isa = PBXBuildFile; fileRef = 5FE693B526E00E9F00D48D6D /* libreact-native-google-maps.a */; };
		5FE693F526E00EA000D48D6D /* libreact-native-image-picker.a in Frameworks */ = {isa = PBXBuildFile; fileRef = 5FE693B626E00E9F00D48D6D /* libreact-native-image-picker.a */; };
		5FE693F626E00EA000D48D6D /* libreact-native-maps.a in Frameworks */ = {isa = PBXBuildFile; fileRef = 5FE693B726E00E9F00D48D6D /* libreact-native-maps.a */; };
		5FE693F726E00EA000D48D6D /* libreact-native-safe-area-context.a in Frameworks */ = {isa = PBXBuildFile; fileRef = 5FE693B826E00E9F00D48D6D /* libreact-native-safe-area-context.a */; };
		5FE693F826E00EA000D48D6D /* libReact-RCTAnimation.a in Frameworks */ = {isa = PBXBuildFile; fileRef = 5FE693B926E00E9F00D48D6D /* libReact-RCTAnimation.a */; };
		5FE693F926E00EA000D48D6D /* libReact-RCTBlob.a in Frameworks */ = {isa = PBXBuildFile; fileRef = 5FE693BA26E00E9F00D48D6D /* libReact-RCTBlob.a */; };
		5FE693FA26E00EA000D48D6D /* libReact-RCTImage.a in Frameworks */ = {isa = PBXBuildFile; fileRef = 5FE693BB26E00E9F00D48D6D /* libReact-RCTImage.a */; };
		5FE693FB26E00EA000D48D6D /* libReact-RCTLinking.a in Frameworks */ = {isa = PBXBuildFile; fileRef = 5FE693BC26E00E9F00D48D6D /* libReact-RCTLinking.a */; };
		5FE693FC26E00EA000D48D6D /* libReact-RCTNetwork.a in Frameworks */ = {isa = PBXBuildFile; fileRef = 5FE693BD26E00E9F00D48D6D /* libReact-RCTNetwork.a */; };
		5FE693FD26E00EA000D48D6D /* libReact-RCTSettings.a in Frameworks */ = {isa = PBXBuildFile; fileRef = 5FE693BE26E00E9F00D48D6D /* libReact-RCTSettings.a */; };
		5FE693FE26E00EA000D48D6D /* libReact-RCTText.a in Frameworks */ = {isa = PBXBuildFile; fileRef = 5FE693BF26E00E9F00D48D6D /* libReact-RCTText.a */; };
		5FE693FF26E00EA000D48D6D /* libReact-RCTVibration.a in Frameworks */ = {isa = PBXBuildFile; fileRef = 5FE693C026E00E9F00D48D6D /* libReact-RCTVibration.a */; };
		5FE6940026E00EA000D48D6D /* libReactCommon.a in Frameworks */ = {isa = PBXBuildFile; fileRef = 5FE693C126E00E9F00D48D6D /* libReactCommon.a */; };
		5FE6940126E00EA000D48D6D /* libRNCMaskedView.a in Frameworks */ = {isa = PBXBuildFile; fileRef = 5FE693C226E00E9F00D48D6D /* libRNCMaskedView.a */; };
		5FE6940226E00EA000D48D6D /* libRNFBApp.a in Frameworks */ = {isa = PBXBuildFile; fileRef = 5FE693C326E00E9F00D48D6D /* libRNFBApp.a */; };
		5FE6940326E00EA000D48D6D /* libRNFBAuth.a in Frameworks */ = {isa = PBXBuildFile; fileRef = 5FE693C426E00E9F00D48D6D /* libRNFBAuth.a */; };
		5FE6940426E00EA000D48D6D /* libRNFBDatabase.a in Frameworks */ = {isa = PBXBuildFile; fileRef = 5FE693C526E00E9F00D48D6D /* libRNFBDatabase.a */; };
		5FE6940526E00EA100D48D6D /* libRNFBStorage.a in Frameworks */ = {isa = PBXBuildFile; fileRef = 5FE693C626E00E9F00D48D6D /* libRNFBStorage.a */; };
		5FE6940626E00EA100D48D6D /* libRNGestureHandler.a in Frameworks */ = {isa = PBXBuildFile; fileRef = 5FE693C726E00E9F00D48D6D /* libRNGestureHandler.a */; };
		5FE6940726E00EA100D48D6D /* libRNPermissions.a in Frameworks */ = {isa = PBXBuildFile; fileRef = 5FE693C826E00E9F00D48D6D /* libRNPermissions.a */; };
		5FE6940826E00EA100D48D6D /* libRNReanimated.a in Frameworks */ = {isa = PBXBuildFile; fileRef = 5FE693C926E00E9F00D48D6D /* libRNReanimated.a */; };
		5FE6940926E00EA100D48D6D /* libRNScreens.a in Frameworks */ = {isa = PBXBuildFile; fileRef = 5FE693CA26E00E9F00D48D6D /* libRNScreens.a */; };
		5FE6940A26E00EA100D48D6D /* libYoga.a in Frameworks */ = {isa = PBXBuildFile; fileRef = 5FE693CB26E00E9F00D48D6D /* libYoga.a */; };
		5FE6940B26E00EA100D48D6D /* libYogaKit.a in Frameworks */ = {isa = PBXBuildFile; fileRef = 5FE693CC26E00E9F00D48D6D /* libYogaKit.a */; };
		66ECBE10825143B892EAA6E1 /* Montserrat-BoldItalic.ttf in Resources */ = {isa = PBXBuildFile; fileRef = BC4663A51DF849FCBD2766DC /* Montserrat-BoldItalic.ttf */; };
		75A5E6B1EA5E42A288B2C6C9 /* Montserrat-ExtraBold.ttf in Resources */ = {isa = PBXBuildFile; fileRef = 2E6098F5222D415B83415A23 /* Montserrat-ExtraBold.ttf */; };
		81AB9BB82411601600AC10FF /* LaunchScreen.storyboard in Resources */ = {isa = PBXBuildFile; fileRef = 81AB9BB72411601600AC10FF /* LaunchScreen.storyboard */; };
		83CBE207C5634B2F9A8CF204 /* Montserrat-MediumItalic.ttf in Resources */ = {isa = PBXBuildFile; fileRef = 1FA0B051EEC3437A98DCB398 /* Montserrat-MediumItalic.ttf */; };
		92322EF5176A4DD795F2CEF1 /* Montserrat-Black.ttf in Resources */ = {isa = PBXBuildFile; fileRef = EEA34F35138846DAACBE7961 /* Montserrat-Black.ttf */; };
		924514FBCD46ECE923048B55 /* libPods-MBTaxi-tvOS.a in Frameworks */ = {isa = PBXBuildFile; fileRef = A925513B12E044BCC13CE63A /* libPods-MBTaxi-tvOS.a */; };
		96830ADAA39F0F96F6512CF6 /* libPods-MBTaxi.a in Frameworks */ = {isa = PBXBuildFile; fileRef = 3632492E4AC5E828116D55A7 /* libPods-MBTaxi.a */; };
		9AD0FAAAAA184D73A4DE6F2E /* Montserrat-Medium.ttf in Resources */ = {isa = PBXBuildFile; fileRef = B7BC81BDA0054BE6B4AC7F09 /* Montserrat-Medium.ttf */; };
		A15AA15B43154B66BD1D441A /* Montserrat-Regular.ttf in Resources */ = {isa = PBXBuildFile; fileRef = 08401F3470FB4897BA2481C4 /* Montserrat-Regular.ttf */; };
		A30D525426E54AC790CD804B /* Montserrat-Thin.ttf in Resources */ = {isa = PBXBuildFile; fileRef = 2C64907C03E948E899179B81 /* Montserrat-Thin.ttf */; };
		CCA50924FC7D46959584E774 /* Montserrat-ExtraBoldItalic.ttf in Resources */ = {isa = PBXBuildFile; fileRef = FA43050AAE0749C49F2BA525 /* Montserrat-ExtraBoldItalic.ttf */; };
		F13E95CE10DE4FF69BC8A957 /* Montserrat-Light.ttf in Resources */ = {isa = PBXBuildFile; fileRef = 99CEDF2A95E04E75B9C9C010 /* Montserrat-Light.ttf */; };
		FF466FBEFCFFBC8BE498C03F /* libPods-MBTaxi-MBTaxiTests.a in Frameworks */ = {isa = PBXBuildFile; fileRef = E66516609C02DADC6F262D88 /* libPods-MBTaxi-MBTaxiTests.a */; };
/* End PBXBuildFile section */

/* Begin PBXContainerItemProxy section */
		00E356F41AD99517003FC87E /* PBXContainerItemProxy */ = {
			isa = PBXContainerItemProxy;
			containerPortal = 83CBB9F71A601CBA00E9B192 /* Project object */;
			proxyType = 1;
			remoteGlobalIDString = 13B07F861A680F5B00A75B9A;
			remoteInfo = MBTaxi;
		};
		2D02E4911E0B4A5D006451C7 /* PBXContainerItemProxy */ = {
			isa = PBXContainerItemProxy;
			containerPortal = 83CBB9F71A601CBA00E9B192 /* Project object */;
			proxyType = 1;
			remoteGlobalIDString = 2D02E47A1E0B4A5D006451C7;
			remoteInfo = "MBTaxi-tvOS";
		};
/* End PBXContainerItemProxy section */

/* Begin PBXFileReference section */
		008F07F21AC5B25A0029DE68 /* main.jsbundle */ = {isa = PBXFileReference; fileEncoding = 4; lastKnownFileType = text; path = main.jsbundle; sourceTree = "<group>"; };
		00E356EE1AD99517003FC87E /* MBTaxiTests.xctest */ = {isa = PBXFileReference; explicitFileType = wrapper.cfbundle; includeInIndex = 0; path = MBTaxiTests.xctest; sourceTree = BUILT_PRODUCTS_DIR; };
		00E356F11AD99517003FC87E /* Info.plist */ = {isa = PBXFileReference; lastKnownFileType = text.plist.xml; path = Info.plist; sourceTree = "<group>"; };
		00E356F21AD99517003FC87E /* MBTaxiTests.m */ = {isa = PBXFileReference; lastKnownFileType = sourcecode.c.objc; path = MBTaxiTests.m; sourceTree = "<group>"; };
		01DAE1527F2A492B8D972142 /* Montserrat-ExtraLightItalic.ttf */ = {isa = PBXFileReference; explicitFileType = undefined; fileEncoding = 9; includeInIndex = 0; lastKnownFileType = unknown; name = "Montserrat-ExtraLightItalic.ttf"; path = "../src/assets/fonts/Montserrat-ExtraLightItalic.ttf"; sourceTree = "<group>"; };
		08401F3470FB4897BA2481C4 /* Montserrat-Regular.ttf */ = {isa = PBXFileReference; explicitFileType = undefined; fileEncoding = 9; includeInIndex = 0; lastKnownFileType = unknown; name = "Montserrat-Regular.ttf"; path = "../src/assets/fonts/Montserrat-Regular.ttf"; sourceTree = "<group>"; };
		09BE8A707B23D2D868F567E6 /* Pods-MBTaxi.debug.xcconfig */ = {isa = PBXFileReference; includeInIndex = 1; lastKnownFileType = text.xcconfig; name = "Pods-MBTaxi.debug.xcconfig"; path = "Target Support Files/Pods-MBTaxi/Pods-MBTaxi.debug.xcconfig"; sourceTree = "<group>"; };
		0C55E41D623A4560AC099F11 /* Montserrat-SemiBold.ttf */ = {isa = PBXFileReference; explicitFileType = undefined; fileEncoding = 9; includeInIndex = 0; lastKnownFileType = unknown; name = "Montserrat-SemiBold.ttf"; path = "../src/assets/fonts/Montserrat-SemiBold.ttf"; sourceTree = "<group>"; };
		13B07F961A680F5B00A75B9A /* MBTaxi.app */ = {isa = PBXFileReference; explicitFileType = wrapper.application; includeInIndex = 0; path = MBTaxi.app; sourceTree = BUILT_PRODUCTS_DIR; };
		13B07FAF1A68108700A75B9A /* AppDelegate.h */ = {isa = PBXFileReference; fileEncoding = 4; lastKnownFileType = sourcecode.c.h; name = AppDelegate.h; path = MBTaxi/AppDelegate.h; sourceTree = "<group>"; };
		13B07FB01A68108700A75B9A /* AppDelegate.m */ = {isa = PBXFileReference; fileEncoding = 4; lastKnownFileType = sourcecode.c.objc; name = AppDelegate.m; path = MBTaxi/AppDelegate.m; sourceTree = "<group>"; };
		13B07FB51A68108700A75B9A /* Images.xcassets */ = {isa = PBXFileReference; lastKnownFileType = folder.assetcatalog; name = Images.xcassets; path = MBTaxi/Images.xcassets; sourceTree = "<group>"; };
		13B07FB61A68108700A75B9A /* Info.plist */ = {isa = PBXFileReference; fileEncoding = 4; lastKnownFileType = text.plist.xml; name = Info.plist; path = MBTaxi/Info.plist; sourceTree = "<group>"; };
		13B07FB71A68108700A75B9A /* main.m */ = {isa = PBXFileReference; fileEncoding = 4; lastKnownFileType = sourcecode.c.objc; name = main.m; path = MBTaxi/main.m; sourceTree = "<group>"; };
		1FA0B051EEC3437A98DCB398 /* Montserrat-MediumItalic.ttf */ = {isa = PBXFileReference; explicitFileType = undefined; fileEncoding = 9; includeInIndex = 0; lastKnownFileType = unknown; name = "Montserrat-MediumItalic.ttf"; path = "../src/assets/fonts/Montserrat-MediumItalic.ttf"; sourceTree = "<group>"; };
		2104EF08CED80C500B87E7FE /* Pods-MBTaxi.release.xcconfig */ = {isa = PBXFileReference; includeInIndex = 1; lastKnownFileType = text.xcconfig; name = "Pods-MBTaxi.release.xcconfig"; path = "Target Support Files/Pods-MBTaxi/Pods-MBTaxi.release.xcconfig"; sourceTree = "<group>"; };
		2C64907C03E948E899179B81 /* Montserrat-Thin.ttf */ = {isa = PBXFileReference; explicitFileType = undefined; fileEncoding = 9; includeInIndex = 0; lastKnownFileType = unknown; name = "Montserrat-Thin.ttf"; path = "../src/assets/fonts/Montserrat-Thin.ttf"; sourceTree = "<group>"; };
		2D02E47B1E0B4A5D006451C7 /* MBTaxi-tvOS.app */ = {isa = PBXFileReference; explicitFileType = wrapper.application; includeInIndex = 0; path = "MBTaxi-tvOS.app"; sourceTree = BUILT_PRODUCTS_DIR; };
		2D02E4901E0B4A5D006451C7 /* MBTaxi-tvOSTests.xctest */ = {isa = PBXFileReference; explicitFileType = wrapper.cfbundle; includeInIndex = 0; path = "MBTaxi-tvOSTests.xctest"; sourceTree = BUILT_PRODUCTS_DIR; };
		2E6098F5222D415B83415A23 /* Montserrat-ExtraBold.ttf */ = {isa = PBXFileReference; explicitFileType = undefined; fileEncoding = 9; includeInIndex = 0; lastKnownFileType = unknown; name = "Montserrat-ExtraBold.ttf"; path = "../src/assets/fonts/Montserrat-ExtraBold.ttf"; sourceTree = "<group>"; };
		311A0029167D49FD9DAC565D /* Montserrat-Bold.ttf */ = {isa = PBXFileReference; explicitFileType = undefined; fileEncoding = 9; includeInIndex = 0; lastKnownFileType = unknown; name = "Montserrat-Bold.ttf"; path = "../src/assets/fonts/Montserrat-Bold.ttf"; sourceTree = "<group>"; };
		3632492E4AC5E828116D55A7 /* libPods-MBTaxi.a */ = {isa = PBXFileReference; explicitFileType = archive.ar; includeInIndex = 0; path = "libPods-MBTaxi.a"; sourceTree = BUILT_PRODUCTS_DIR; };
		5FE6938126E00E6E00D48D6D /* GoogleService-Info.plist */ = {isa = PBXFileReference; fileEncoding = 4; lastKnownFileType = text.plist.xml; name = "GoogleService-Info.plist"; path = "MBTaxi/GoogleService-Info.plist"; sourceTree = "<group>"; };
		5FE6938E26E00E9F00D48D6D /* libCocoaAsyncSocket.a */ = {isa = PBXFileReference; explicitFileType = archive.ar; path = libCocoaAsyncSocket.a; sourceTree = BUILT_PRODUCTS_DIR; };
		5FE6938F26E00E9F00D48D6D /* libDoubleConversion.a */ = {isa = PBXFileReference; explicitFileType = archive.ar; path = libDoubleConversion.a; sourceTree = BUILT_PRODUCTS_DIR; };
		5FE6939026E00E9F00D48D6D /* libFBReactNativeSpec.a */ = {isa = PBXFileReference; explicitFileType = archive.ar; path = libFBReactNativeSpec.a; sourceTree = BUILT_PRODUCTS_DIR; };
		5FE6939126E00E9F00D48D6D /* libFirebaseAuth.a */ = {isa = PBXFileReference; explicitFileType = archive.ar; path = libFirebaseAuth.a; sourceTree = BUILT_PRODUCTS_DIR; };
		5FE6939226E00E9F00D48D6D /* libFirebaseCore.a */ = {isa = PBXFileReference; explicitFileType = archive.ar; path = libFirebaseCore.a; sourceTree = BUILT_PRODUCTS_DIR; };
		5FE6939326E00E9F00D48D6D /* libFirebaseCoreDiagnostics.a */ = {isa = PBXFileReference; explicitFileType = archive.ar; path = libFirebaseCoreDiagnostics.a; sourceTree = BUILT_PRODUCTS_DIR; };
		5FE6939426E00E9F00D48D6D /* libFirebaseDatabase.a */ = {isa = PBXFileReference; explicitFileType = archive.ar; path = libFirebaseDatabase.a; sourceTree = BUILT_PRODUCTS_DIR; };
		5FE6939526E00E9F00D48D6D /* libFirebaseInstallations.a */ = {isa = PBXFileReference; explicitFileType = archive.ar; path = libFirebaseInstallations.a; sourceTree = BUILT_PRODUCTS_DIR; };
		5FE6939626E00E9F00D48D6D /* libFirebaseStorage.a */ = {isa = PBXFileReference; explicitFileType = archive.ar; path = libFirebaseStorage.a; sourceTree = BUILT_PRODUCTS_DIR; };
		5FE6939726E00E9F00D48D6D /* libFlipper-DoubleConversion.a */ = {isa = PBXFileReference; explicitFileType = archive.ar; path = "libFlipper-DoubleConversion.a"; sourceTree = BUILT_PRODUCTS_DIR; };
		5FE6939826E00E9F00D48D6D /* libFlipper-Folly.a */ = {isa = PBXFileReference; explicitFileType = archive.ar; path = "libFlipper-Folly.a"; sourceTree = BUILT_PRODUCTS_DIR; };
		5FE6939926E00E9F00D48D6D /* libFlipper-Glog.a */ = {isa = PBXFileReference; explicitFileType = archive.ar; path = "libFlipper-Glog.a"; sourceTree = BUILT_PRODUCTS_DIR; };
		5FE6939A26E00E9F00D48D6D /* libFlipper-PeerTalk.a */ = {isa = PBXFileReference; explicitFileType = archive.ar; path = "libFlipper-PeerTalk.a"; sourceTree = BUILT_PRODUCTS_DIR; };
		5FE6939B26E00E9F00D48D6D /* libFlipper-RSocket.a */ = {isa = PBXFileReference; explicitFileType = archive.ar; path = "libFlipper-RSocket.a"; sourceTree = BUILT_PRODUCTS_DIR; };
		5FE6939C26E00E9F00D48D6D /* libFlipper.a */ = {isa = PBXFileReference; explicitFileType = archive.ar; path = libFlipper.a; sourceTree = BUILT_PRODUCTS_DIR; };
		5FE6939D26E00E9F00D48D6D /* libFlipperKit.a */ = {isa = PBXFileReference; explicitFileType = archive.ar; path = libFlipperKit.a; sourceTree = BUILT_PRODUCTS_DIR; };
		5FE6939E26E00E9F00D48D6D /* libFolly.a */ = {isa = PBXFileReference; explicitFileType = archive.ar; path = libFolly.a; sourceTree = BUILT_PRODUCTS_DIR; };
		5FE6939F26E00E9F00D48D6D /* libglog.a */ = {isa = PBXFileReference; explicitFileType = archive.ar; path = libglog.a; sourceTree = BUILT_PRODUCTS_DIR; };
		5FE693A026E00E9F00D48D6D /* libGoogle-Maps-iOS-Utils.a */ = {isa = PBXFileReference; explicitFileType = archive.ar; path = "libGoogle-Maps-iOS-Utils.a"; sourceTree = BUILT_PRODUCTS_DIR; };
		5FE693A126E00E9F00D48D6D /* libGoogleDataTransport.a */ = {isa = PBXFileReference; explicitFileType = archive.ar; path = libGoogleDataTransport.a; sourceTree = BUILT_PRODUCTS_DIR; };
		5FE693A226E00E9F00D48D6D /* libGoogleUtilities.a */ = {isa = PBXFileReference; explicitFileType = archive.ar; path = libGoogleUtilities.a; sourceTree = BUILT_PRODUCTS_DIR; };
		5FE693A326E00E9F00D48D6D /* libGTMSessionFetcher.a */ = {isa = PBXFileReference; explicitFileType = archive.ar; path = libGTMSessionFetcher.a; sourceTree = BUILT_PRODUCTS_DIR; };
		5FE693A426E00E9F00D48D6D /* libleveldb-library.a */ = {isa = PBXFileReference; explicitFileType = archive.ar; path = "libleveldb-library.a"; sourceTree = BUILT_PRODUCTS_DIR; };
		5FE693A526E00E9F00D48D6D /* liblibevent.a */ = {isa = PBXFileReference; explicitFileType = archive.ar; path = liblibevent.a; sourceTree = BUILT_PRODUCTS_DIR; };
		5FE693A626E00E9F00D48D6D /* libnanopb.a */ = {isa = PBXFileReference; explicitFileType = archive.ar; path = libnanopb.a; sourceTree = BUILT_PRODUCTS_DIR; };
		5FE693A726E00E9F00D48D6D /* libPermission-LocationWhenInUse.a */ = {isa = PBXFileReference; explicitFileType = archive.ar; path = "libPermission-LocationWhenInUse.a"; sourceTree = BUILT_PRODUCTS_DIR; };
		5FE693AB26E00E9F00D48D6D /* libPods-MBTaxi.a */ = {isa = PBXFileReference; explicitFileType = archive.ar; path = "libPods-MBTaxi.a"; sourceTree = BUILT_PRODUCTS_DIR; };
		5FE693AC26E00E9F00D48D6D /* libPromisesObjC.a */ = {isa = PBXFileReference; explicitFileType = archive.ar; path = libPromisesObjC.a; sourceTree = BUILT_PRODUCTS_DIR; };
		5FE693AD26E00E9F00D48D6D /* libRCTTypeSafety.a */ = {isa = PBXFileReference; explicitFileType = archive.ar; path = libRCTTypeSafety.a; sourceTree = BUILT_PRODUCTS_DIR; };
		5FE693AE26E00E9F00D48D6D /* libReact-Core.a */ = {isa = PBXFileReference; explicitFileType = archive.ar; path = "libReact-Core.a"; sourceTree = BUILT_PRODUCTS_DIR; };
		5FE693AF26E00E9F00D48D6D /* libReact-CoreModules.a */ = {isa = PBXFileReference; explicitFileType = archive.ar; path = "libReact-CoreModules.a"; sourceTree = BUILT_PRODUCTS_DIR; };
		5FE693B026E00E9F00D48D6D /* libReact-cxxreact.a */ = {isa = PBXFileReference; explicitFileType = archive.ar; path = "libReact-cxxreact.a"; sourceTree = BUILT_PRODUCTS_DIR; };
		5FE693B126E00E9F00D48D6D /* libReact-jsi.a */ = {isa = PBXFileReference; explicitFileType = archive.ar; path = "libReact-jsi.a"; sourceTree = BUILT_PRODUCTS_DIR; };
		5FE693B226E00E9F00D48D6D /* libReact-jsiexecutor.a */ = {isa = PBXFileReference; explicitFileType = archive.ar; path = "libReact-jsiexecutor.a"; sourceTree = BUILT_PRODUCTS_DIR; };
		5FE693B326E00E9F00D48D6D /* libReact-jsinspector.a */ = {isa = PBXFileReference; explicitFileType = archive.ar; path = "libReact-jsinspector.a"; sourceTree = BUILT_PRODUCTS_DIR; };
		5FE693B426E00E9F00D48D6D /* libreact-native-geolocation-service.a */ = {isa = PBXFileReference; explicitFileType = archive.ar; path = "libreact-native-geolocation-service.a"; sourceTree = BUILT_PRODUCTS_DIR; };
		5FE693B526E00E9F00D48D6D /* libreact-native-google-maps.a */ = {isa = PBXFileReference; explicitFileType = archive.ar; path = "libreact-native-google-maps.a"; sourceTree = BUILT_PRODUCTS_DIR; };
		5FE693B626E00E9F00D48D6D /* libreact-native-image-picker.a */ = {isa = PBXFileReference; explicitFileType = archive.ar; path = "libreact-native-image-picker.a"; sourceTree = BUILT_PRODUCTS_DIR; };
		5FE693B726E00E9F00D48D6D /* libreact-native-maps.a */ = {isa = PBXFileReference; explicitFileType = archive.ar; path = "libreact-native-maps.a"; sourceTree = BUILT_PRODUCTS_DIR; };
		5FE693B826E00E9F00D48D6D /* libreact-native-safe-area-context.a */ = {isa = PBXFileReference; explicitFileType = archive.ar; path = "libreact-native-safe-area-context.a"; sourceTree = BUILT_PRODUCTS_DIR; };
		5FE693B926E00E9F00D48D6D /* libReact-RCTAnimation.a */ = {isa = PBXFileReference; explicitFileType = archive.ar; path = "libReact-RCTAnimation.a"; sourceTree = BUILT_PRODUCTS_DIR; };
		5FE693BA26E00E9F00D48D6D /* libReact-RCTBlob.a */ = {isa = PBXFileReference; explicitFileType = archive.ar; path = "libReact-RCTBlob.a"; sourceTree = BUILT_PRODUCTS_DIR; };
		5FE693BB26E00E9F00D48D6D /* libReact-RCTImage.a */ = {isa = PBXFileReference; explicitFileType = archive.ar; path = "libReact-RCTImage.a"; sourceTree = BUILT_PRODUCTS_DIR; };
		5FE693BC26E00E9F00D48D6D /* libReact-RCTLinking.a */ = {isa = PBXFileReference; explicitFileType = archive.ar; path = "libReact-RCTLinking.a"; sourceTree = BUILT_PRODUCTS_DIR; };
		5FE693BD26E00E9F00D48D6D /* libReact-RCTNetwork.a */ = {isa = PBXFileReference; explicitFileType = archive.ar; path = "libReact-RCTNetwork.a"; sourceTree = BUILT_PRODUCTS_DIR; };
		5FE693BE26E00E9F00D48D6D /* libReact-RCTSettings.a */ = {isa = PBXFileReference; explicitFileType = archive.ar; path = "libReact-RCTSettings.a"; sourceTree = BUILT_PRODUCTS_DIR; };
		5FE693BF26E00E9F00D48D6D /* libReact-RCTText.a */ = {isa = PBXFileReference; explicitFileType = archive.ar; path = "libReact-RCTText.a"; sourceTree = BUILT_PRODUCTS_DIR; };
		5FE693C026E00E9F00D48D6D /* libReact-RCTVibration.a */ = {isa = PBXFileReference; explicitFileType = archive.ar; path = "libReact-RCTVibration.a"; sourceTree = BUILT_PRODUCTS_DIR; };
		5FE693C126E00E9F00D48D6D /* libReactCommon.a */ = {isa = PBXFileReference; explicitFileType = archive.ar; path = libReactCommon.a; sourceTree = BUILT_PRODUCTS_DIR; };
		5FE693C226E00E9F00D48D6D /* libRNCMaskedView.a */ = {isa = PBXFileReference; explicitFileType = archive.ar; path = libRNCMaskedView.a; sourceTree = BUILT_PRODUCTS_DIR; };
		5FE693C326E00E9F00D48D6D /* libRNFBApp.a */ = {isa = PBXFileReference; explicitFileType = archive.ar; path = libRNFBApp.a; sourceTree = BUILT_PRODUCTS_DIR; };
		5FE693C426E00E9F00D48D6D /* libRNFBAuth.a */ = {isa = PBXFileReference; explicitFileType = archive.ar; path = libRNFBAuth.a; sourceTree = BUILT_PRODUCTS_DIR; };
		5FE693C526E00E9F00D48D6D /* libRNFBDatabase.a */ = {isa = PBXFileReference; explicitFileType = archive.ar; path = libRNFBDatabase.a; sourceTree = BUILT_PRODUCTS_DIR; };
		5FE693C626E00E9F00D48D6D /* libRNFBStorage.a */ = {isa = PBXFileReference; explicitFileType = archive.ar; path = libRNFBStorage.a; sourceTree = BUILT_PRODUCTS_DIR; };
		5FE693C726E00E9F00D48D6D /* libRNGestureHandler.a */ = {isa = PBXFileReference; explicitFileType = archive.ar; path = libRNGestureHandler.a; sourceTree = BUILT_PRODUCTS_DIR; };
		5FE693C826E00E9F00D48D6D /* libRNPermissions.a */ = {isa = PBXFileReference; explicitFileType = archive.ar; path = libRNPermissions.a; sourceTree = BUILT_PRODUCTS_DIR; };
		5FE693C926E00E9F00D48D6D /* libRNReanimated.a */ = {isa = PBXFileReference; explicitFileType = archive.ar; path = libRNReanimated.a; sourceTree = BUILT_PRODUCTS_DIR; };
		5FE693CA26E00E9F00D48D6D /* libRNScreens.a */ = {isa = PBXFileReference; explicitFileType = archive.ar; path = libRNScreens.a; sourceTree = BUILT_PRODUCTS_DIR; };
		5FE693CB26E00E9F00D48D6D /* libYoga.a */ = {isa = PBXFileReference; explicitFileType = archive.ar; path = libYoga.a; sourceTree = BUILT_PRODUCTS_DIR; };
		5FE693CC26E00E9F00D48D6D /* libYogaKit.a */ = {isa = PBXFileReference; explicitFileType = archive.ar; path = libYogaKit.a; sourceTree = BUILT_PRODUCTS_DIR; };
		6650D675617C4CA0934EE034 /* Montserrat-ThinItalic.ttf */ = {isa = PBXFileReference; explicitFileType = undefined; fileEncoding = 9; includeInIndex = 0; lastKnownFileType = unknown; name = "Montserrat-ThinItalic.ttf"; path = "../src/assets/fonts/Montserrat-ThinItalic.ttf"; sourceTree = "<group>"; };
		76A382A1606BEF16DD16DD14 /* Pods-MBTaxi-MBTaxiTests.debug.xcconfig */ = {isa = PBXFileReference; includeInIndex = 1; lastKnownFileType = text.xcconfig; name = "Pods-MBTaxi-MBTaxiTests.debug.xcconfig"; path = "Target Support Files/Pods-MBTaxi-MBTaxiTests/Pods-MBTaxi-MBTaxiTests.debug.xcconfig"; sourceTree = "<group>"; };
		7A3EE2E5583F04D3FE500543 /* Pods-MBTaxi-MBTaxiTests.release.xcconfig */ = {isa = PBXFileReference; includeInIndex = 1; lastKnownFileType = text.xcconfig; name = "Pods-MBTaxi-MBTaxiTests.release.xcconfig"; path = "Target Support Files/Pods-MBTaxi-MBTaxiTests/Pods-MBTaxi-MBTaxiTests.release.xcconfig"; sourceTree = "<group>"; };
		7CDA03F506CE4786B2A10F33 /* Montserrat-ExtraLight.ttf */ = {isa = PBXFileReference; explicitFileType = undefined; fileEncoding = 9; includeInIndex = 0; lastKnownFileType = unknown; name = "Montserrat-ExtraLight.ttf"; path = "../src/assets/fonts/Montserrat-ExtraLight.ttf"; sourceTree = "<group>"; };
		81AB9BB72411601600AC10FF /* LaunchScreen.storyboard */ = {isa = PBXFileReference; fileEncoding = 4; lastKnownFileType = file.storyboard; name = LaunchScreen.storyboard; path = MBTaxi/LaunchScreen.storyboard; sourceTree = "<group>"; };
		962541713840C73B3DE85D45 /* Pods-MBTaxi-tvOS.debug.xcconfig */ = {isa = PBXFileReference; includeInIndex = 1; lastKnownFileType = text.xcconfig; name = "Pods-MBTaxi-tvOS.debug.xcconfig"; path = "Target Support Files/Pods-MBTaxi-tvOS/Pods-MBTaxi-tvOS.debug.xcconfig"; sourceTree = "<group>"; };
		99CEDF2A95E04E75B9C9C010 /* Montserrat-Light.ttf */ = {isa = PBXFileReference; explicitFileType = undefined; fileEncoding = 9; includeInIndex = 0; lastKnownFileType = unknown; name = "Montserrat-Light.ttf"; path = "../src/assets/fonts/Montserrat-Light.ttf"; sourceTree = "<group>"; };
		A0ECA69AB3D547DC81DA0B28 /* Montserrat-BlackItalic.ttf */ = {isa = PBXFileReference; explicitFileType = undefined; fileEncoding = 9; includeInIndex = 0; lastKnownFileType = unknown; name = "Montserrat-BlackItalic.ttf"; path = "../src/assets/fonts/Montserrat-BlackItalic.ttf"; sourceTree = "<group>"; };
		A1D411B662EDA77A983A691C /* Pods-MBTaxi-tvOSTests.release.xcconfig */ = {isa = PBXFileReference; includeInIndex = 1; lastKnownFileType = text.xcconfig; name = "Pods-MBTaxi-tvOSTests.release.xcconfig"; path = "Target Support Files/Pods-MBTaxi-tvOSTests/Pods-MBTaxi-tvOSTests.release.xcconfig"; sourceTree = "<group>"; };
		A925513B12E044BCC13CE63A /* libPods-MBTaxi-tvOS.a */ = {isa = PBXFileReference; explicitFileType = archive.ar; includeInIndex = 0; path = "libPods-MBTaxi-tvOS.a"; sourceTree = BUILT_PRODUCTS_DIR; };
		ADE595ADA46D92CFDE5AD508 /* libPods-MBTaxi-tvOSTests.a */ = {isa = PBXFileReference; explicitFileType = archive.ar; includeInIndex = 0; path = "libPods-MBTaxi-tvOSTests.a"; sourceTree = BUILT_PRODUCTS_DIR; };
		B3D5F97985A64A5E948B7549 /* Montserrat-LightItalic.ttf */ = {isa = PBXFileReference; explicitFileType = undefined; fileEncoding = 9; includeInIndex = 0; lastKnownFileType = unknown; name = "Montserrat-LightItalic.ttf"; path = "../src/assets/fonts/Montserrat-LightItalic.ttf"; sourceTree = "<group>"; };
		B7BC81BDA0054BE6B4AC7F09 /* Montserrat-Medium.ttf */ = {isa = PBXFileReference; explicitFileType = undefined; fileEncoding = 9; includeInIndex = 0; lastKnownFileType = unknown; name = "Montserrat-Medium.ttf"; path = "../src/assets/fonts/Montserrat-Medium.ttf"; sourceTree = "<group>"; };
		B9EA2A22E7687061437C65CD /* Pods-MBTaxi-tvOSTests.debug.xcconfig */ = {isa = PBXFileReference; includeInIndex = 1; lastKnownFileType = text.xcconfig; name = "Pods-MBTaxi-tvOSTests.debug.xcconfig"; path = "Target Support Files/Pods-MBTaxi-tvOSTests/Pods-MBTaxi-tvOSTests.debug.xcconfig"; sourceTree = "<group>"; };
		BC1E78B0EC2B491DA9EA5FAF /* Montserrat-Italic.ttf */ = {isa = PBXFileReference; explicitFileType = undefined; fileEncoding = 9; includeInIndex = 0; lastKnownFileType = unknown; name = "Montserrat-Italic.ttf"; path = "../src/assets/fonts/Montserrat-Italic.ttf"; sourceTree = "<group>"; };
		BC4663A51DF849FCBD2766DC /* Montserrat-BoldItalic.ttf */ = {isa = PBXFileReference; explicitFileType = undefined; fileEncoding = 9; includeInIndex = 0; lastKnownFileType = unknown; name = "Montserrat-BoldItalic.ttf"; path = "../src/assets/fonts/Montserrat-BoldItalic.ttf"; sourceTree = "<group>"; };
		BECC8C313DDC435A8B56EB9E /* Montserrat-SemiBoldItalic.ttf */ = {isa = PBXFileReference; explicitFileType = undefined; fileEncoding = 9; includeInIndex = 0; lastKnownFileType = unknown; name = "Montserrat-SemiBoldItalic.ttf"; path = "../src/assets/fonts/Montserrat-SemiBoldItalic.ttf"; sourceTree = "<group>"; };
		E37E031375E8E125A6553D25 /* Pods-MBTaxi-tvOS.release.xcconfig */ = {isa = PBXFileReference; includeInIndex = 1; lastKnownFileType = text.xcconfig; name = "Pods-MBTaxi-tvOS.release.xcconfig"; path = "Target Support Files/Pods-MBTaxi-tvOS/Pods-MBTaxi-tvOS.release.xcconfig"; sourceTree = "<group>"; };
		E66516609C02DADC6F262D88 /* libPods-MBTaxi-MBTaxiTests.a */ = {isa = PBXFileReference; explicitFileType = archive.ar; includeInIndex = 0; path = "libPods-MBTaxi-MBTaxiTests.a"; sourceTree = BUILT_PRODUCTS_DIR; };
		ED297162215061F000B7C4FE /* JavaScriptCore.framework */ = {isa = PBXFileReference; lastKnownFileType = wrapper.framework; name = JavaScriptCore.framework; path = System/Library/Frameworks/JavaScriptCore.framework; sourceTree = SDKROOT; };
		ED2971642150620600B7C4FE /* JavaScriptCore.framework */ = {isa = PBXFileReference; lastKnownFileType = wrapper.framework; name = JavaScriptCore.framework; path = Platforms/AppleTVOS.platform/Developer/SDKs/AppleTVOS12.0.sdk/System/Library/Frameworks/JavaScriptCore.framework; sourceTree = DEVELOPER_DIR; };
		EEA34F35138846DAACBE7961 /* Montserrat-Black.ttf */ = {isa = PBXFileReference; explicitFileType = undefined; fileEncoding = 9; includeInIndex = 0; lastKnownFileType = unknown; name = "Montserrat-Black.ttf"; path = "../src/assets/fonts/Montserrat-Black.ttf"; sourceTree = "<group>"; };
		FA43050AAE0749C49F2BA525 /* Montserrat-ExtraBoldItalic.ttf */ = {isa = PBXFileReference; explicitFileType = undefined; fileEncoding = 9; includeInIndex = 0; lastKnownFileType = unknown; name = "Montserrat-ExtraBoldItalic.ttf"; path = "../src/assets/fonts/Montserrat-ExtraBoldItalic.ttf"; sourceTree = "<group>"; };
/* End PBXFileReference section */

/* Begin PBXFrameworksBuildPhase section */
		00E356EB1AD99517003FC87E /* Frameworks */ = {
			isa = PBXFrameworksBuildPhase;
			buildActionMask = 2147483647;
			files = (
				FF466FBEFCFFBC8BE498C03F /* libPods-MBTaxi-MBTaxiTests.a in Frameworks */,
			);
			runOnlyForDeploymentPostprocessing = 0;
		};
		13B07F8C1A680F5B00A75B9A /* Frameworks */ = {
			isa = PBXFrameworksBuildPhase;
			buildActionMask = 2147483647;
			files = (
				5FE693D026E00E9F00D48D6D /* libFirebaseAuth.a in Frameworks */,
				5FE6940426E00EA000D48D6D /* libRNFBDatabase.a in Frameworks */,
				5FE693E226E00E9F00D48D6D /* libGTMSessionFetcher.a in Frameworks */,
				5FE693EA26E00E9F00D48D6D /* libPods-MBTaxi.a in Frameworks */,
				5FE693F126E00EA000D48D6D /* libReact-jsiexecutor.a in Frameworks */,
				5FE693E626E00E9F00D48D6D /* libPermission-LocationWhenInUse.a in Frameworks */,
				5FE693E326E00E9F00D48D6D /* libleveldb-library.a in Frameworks */,
				5FE6940026E00EA000D48D6D /* libReactCommon.a in Frameworks */,
				5FE6940B26E00EA100D48D6D /* libYogaKit.a in Frameworks */,
				5FE6940626E00EA100D48D6D /* libRNGestureHandler.a in Frameworks */,
				5FE693F726E00EA000D48D6D /* libreact-native-safe-area-context.a in Frameworks */,
				5FE693EB26E00E9F00D48D6D /* libPromisesObjC.a in Frameworks */,
				5FE693FE26E00EA000D48D6D /* libReact-RCTText.a in Frameworks */,
				5FE6940226E00EA000D48D6D /* libRNFBApp.a in Frameworks */,
				5FE6940326E00EA000D48D6D /* libRNFBAuth.a in Frameworks */,
				5FE6940726E00EA100D48D6D /* libRNPermissions.a in Frameworks */,
				5FE693D326E00E9F00D48D6D /* libFirebaseDatabase.a in Frameworks */,
				96830ADAA39F0F96F6512CF6 /* libPods-MBTaxi.a in Frameworks */,
				5FE693D226E00E9F00D48D6D /* libFirebaseCoreDiagnostics.a in Frameworks */,
				5FE6940A26E00EA100D48D6D /* libYoga.a in Frameworks */,
				5FE693DE26E00E9F00D48D6D /* libglog.a in Frameworks */,
				5FE693DB26E00E9F00D48D6D /* libFlipper.a in Frameworks */,
				5FE693D626E00E9F00D48D6D /* libFlipper-DoubleConversion.a in Frameworks */,
				5FE6940826E00EA100D48D6D /* libRNReanimated.a in Frameworks */,
				5FE693ED26E00EA000D48D6D /* libReact-Core.a in Frameworks */,
				5FE6940126E00EA000D48D6D /* libRNCMaskedView.a in Frameworks */,
				5FE693D826E00E9F00D48D6D /* libFlipper-Glog.a in Frameworks */,
				5FE693F826E00EA000D48D6D /* libReact-RCTAnimation.a in Frameworks */,
				5FE693FC26E00EA000D48D6D /* libReact-RCTNetwork.a in Frameworks */,
				5FE693EC26E00EA000D48D6D /* libRCTTypeSafety.a in Frameworks */,
				5FE6940526E00EA100D48D6D /* libRNFBStorage.a in Frameworks */,
				5FE693D726E00E9F00D48D6D /* libFlipper-Folly.a in Frameworks */,
				5FE693EE26E00EA000D48D6D /* libReact-CoreModules.a in Frameworks */,
				5FE693F926E00EA000D48D6D /* libReact-RCTBlob.a in Frameworks */,
				5FE693DD26E00E9F00D48D6D /* libFolly.a in Frameworks */,
				5FE6940926E00EA100D48D6D /* libRNScreens.a in Frameworks */,
				5FE693F326E00EA000D48D6D /* libreact-native-geolocation-service.a in Frameworks */,
				5FE693D526E00E9F00D48D6D /* libFirebaseStorage.a in Frameworks */,
				5FE693D926E00E9F00D48D6D /* libFlipper-PeerTalk.a in Frameworks */,
				5FE693F526E00EA000D48D6D /* libreact-native-image-picker.a in Frameworks */,
				5FE693FB26E00EA000D48D6D /* libReact-RCTLinking.a in Frameworks */,
				5FE693CF26E00E9F00D48D6D /* libFBReactNativeSpec.a in Frameworks */,
				5FE693F226E00EA000D48D6D /* libReact-jsinspector.a in Frameworks */,
				5FE693EF26E00EA000D48D6D /* libReact-cxxreact.a in Frameworks */,
				5FE693F426E00EA000D48D6D /* libreact-native-google-maps.a in Frameworks */,
				5FE693DF26E00E9F00D48D6D /* libGoogle-Maps-iOS-Utils.a in Frameworks */,
				5FE693F626E00EA000D48D6D /* libreact-native-maps.a in Frameworks */,
				5FE693D426E00E9F00D48D6D /* libFirebaseInstallations.a in Frameworks */,
				5FE693E426E00E9F00D48D6D /* liblibevent.a in Frameworks */,
				5FE693E026E00E9F00D48D6D /* libGoogleDataTransport.a in Frameworks */,
				5FE693E526E00E9F00D48D6D /* libnanopb.a in Frameworks */,
				5FE693FA26E00EA000D48D6D /* libReact-RCTImage.a in Frameworks */,
				5FE693CD26E00E9F00D48D6D /* libCocoaAsyncSocket.a in Frameworks */,
				5FE693E126E00E9F00D48D6D /* libGoogleUtilities.a in Frameworks */,
				5FE693FF26E00EA000D48D6D /* libReact-RCTVibration.a in Frameworks */,
				5FE693CE26E00E9F00D48D6D /* libDoubleConversion.a in Frameworks */,
				5FE693F026E00EA000D48D6D /* libReact-jsi.a in Frameworks */,
				5FE693FD26E00EA000D48D6D /* libReact-RCTSettings.a in Frameworks */,
				5FE693DC26E00E9F00D48D6D /* libFlipperKit.a in Frameworks */,
				5FE693DA26E00E9F00D48D6D /* libFlipper-RSocket.a in Frameworks */,
				5FE693D126E00E9F00D48D6D /* libFirebaseCore.a in Frameworks */,
			);
			runOnlyForDeploymentPostprocessing = 0;
		};
		2D02E4781E0B4A5D006451C7 /* Frameworks */ = {
			isa = PBXFrameworksBuildPhase;
			buildActionMask = 2147483647;
			files = (
				924514FBCD46ECE923048B55 /* libPods-MBTaxi-tvOS.a in Frameworks */,
			);
			runOnlyForDeploymentPostprocessing = 0;
		};
		2D02E48D1E0B4A5D006451C7 /* Frameworks */ = {
			isa = PBXFrameworksBuildPhase;
			buildActionMask = 2147483647;
			files = (
				1B4C00B349C02FB8F99D8BAC /* libPods-MBTaxi-tvOSTests.a in Frameworks */,
			);
			runOnlyForDeploymentPostprocessing = 0;
		};
/* End PBXFrameworksBuildPhase section */

/* Begin PBXGroup section */
		00E356EF1AD99517003FC87E /* MBTaxiTests */ = {
			isa = PBXGroup;
			children = (
				00E356F21AD99517003FC87E /* MBTaxiTests.m */,
				00E356F01AD99517003FC87E /* Supporting Files */,
			);
			path = MBTaxiTests;
			sourceTree = "<group>";
		};
		00E356F01AD99517003FC87E /* Supporting Files */ = {
			isa = PBXGroup;
			children = (
				00E356F11AD99517003FC87E /* Info.plist */,
			);
			name = "Supporting Files";
			sourceTree = "<group>";
		};
		13B07FAE1A68108700A75B9A /* MBTaxi */ = {
			isa = PBXGroup;
			children = (
				5FE6938126E00E6E00D48D6D /* GoogleService-Info.plist */,
				008F07F21AC5B25A0029DE68 /* main.jsbundle */,
				13B07FAF1A68108700A75B9A /* AppDelegate.h */,
				13B07FB01A68108700A75B9A /* AppDelegate.m */,
				13B07FB51A68108700A75B9A /* Images.xcassets */,
				13B07FB61A68108700A75B9A /* Info.plist */,
				81AB9BB72411601600AC10FF /* LaunchScreen.storyboard */,
				13B07FB71A68108700A75B9A /* main.m */,
			);
			name = MBTaxi;
			sourceTree = "<group>";
		};
		2D16E6871FA4F8E400B85C8A /* Frameworks */ = {
			isa = PBXGroup;
			children = (
				5FE6938E26E00E9F00D48D6D /* libCocoaAsyncSocket.a */,
				5FE6938F26E00E9F00D48D6D /* libDoubleConversion.a */,
				5FE6939026E00E9F00D48D6D /* libFBReactNativeSpec.a */,
				5FE6939126E00E9F00D48D6D /* libFirebaseAuth.a */,
				5FE6939226E00E9F00D48D6D /* libFirebaseCore.a */,
				5FE6939326E00E9F00D48D6D /* libFirebaseCoreDiagnostics.a */,
				5FE6939426E00E9F00D48D6D /* libFirebaseDatabase.a */,
				5FE6939526E00E9F00D48D6D /* libFirebaseInstallations.a */,
				5FE6939626E00E9F00D48D6D /* libFirebaseStorage.a */,
				5FE6939726E00E9F00D48D6D /* libFlipper-DoubleConversion.a */,
				5FE6939826E00E9F00D48D6D /* libFlipper-Folly.a */,
				5FE6939926E00E9F00D48D6D /* libFlipper-Glog.a */,
				5FE6939A26E00E9F00D48D6D /* libFlipper-PeerTalk.a */,
				5FE6939B26E00E9F00D48D6D /* libFlipper-RSocket.a */,
				5FE6939C26E00E9F00D48D6D /* libFlipper.a */,
				5FE6939D26E00E9F00D48D6D /* libFlipperKit.a */,
				5FE6939E26E00E9F00D48D6D /* libFolly.a */,
				5FE6939F26E00E9F00D48D6D /* libglog.a */,
				5FE693A026E00E9F00D48D6D /* libGoogle-Maps-iOS-Utils.a */,
				5FE693A126E00E9F00D48D6D /* libGoogleDataTransport.a */,
				5FE693A226E00E9F00D48D6D /* libGoogleUtilities.a */,
				5FE693A326E00E9F00D48D6D /* libGTMSessionFetcher.a */,
				5FE693A426E00E9F00D48D6D /* libleveldb-library.a */,
				5FE693A526E00E9F00D48D6D /* liblibevent.a */,
				5FE693A626E00E9F00D48D6D /* libnanopb.a */,
				5FE693A726E00E9F00D48D6D /* libPermission-LocationWhenInUse.a */,
				5FE693AB26E00E9F00D48D6D /* libPods-MBTaxi.a */,
				5FE693AC26E00E9F00D48D6D /* libPromisesObjC.a */,
				5FE693AD26E00E9F00D48D6D /* libRCTTypeSafety.a */,
				5FE693AE26E00E9F00D48D6D /* libReact-Core.a */,
				5FE693AF26E00E9F00D48D6D /* libReact-CoreModules.a */,
				5FE693B026E00E9F00D48D6D /* libReact-cxxreact.a */,
				5FE693B126E00E9F00D48D6D /* libReact-jsi.a */,
				5FE693B226E00E9F00D48D6D /* libReact-jsiexecutor.a */,
				5FE693B326E00E9F00D48D6D /* libReact-jsinspector.a */,
				5FE693B426E00E9F00D48D6D /* libreact-native-geolocation-service.a */,
				5FE693B526E00E9F00D48D6D /* libreact-native-google-maps.a */,
				5FE693B626E00E9F00D48D6D /* libreact-native-image-picker.a */,
				5FE693B726E00E9F00D48D6D /* libreact-native-maps.a */,
				5FE693B826E00E9F00D48D6D /* libreact-native-safe-area-context.a */,
				5FE693B926E00E9F00D48D6D /* libReact-RCTAnimation.a */,
				5FE693BA26E00E9F00D48D6D /* libReact-RCTBlob.a */,
				5FE693BB26E00E9F00D48D6D /* libReact-RCTImage.a */,
				5FE693BC26E00E9F00D48D6D /* libReact-RCTLinking.a */,
				5FE693BD26E00E9F00D48D6D /* libReact-RCTNetwork.a */,
				5FE693BE26E00E9F00D48D6D /* libReact-RCTSettings.a */,
				5FE693BF26E00E9F00D48D6D /* libReact-RCTText.a */,
				5FE693C026E00E9F00D48D6D /* libReact-RCTVibration.a */,
				5FE693C126E00E9F00D48D6D /* libReactCommon.a */,
				5FE693C226E00E9F00D48D6D /* libRNCMaskedView.a */,
				5FE693C326E00E9F00D48D6D /* libRNFBApp.a */,
				5FE693C426E00E9F00D48D6D /* libRNFBAuth.a */,
				5FE693C526E00E9F00D48D6D /* libRNFBDatabase.a */,
				5FE693C626E00E9F00D48D6D /* libRNFBStorage.a */,
				5FE693C726E00E9F00D48D6D /* libRNGestureHandler.a */,
				5FE693C826E00E9F00D48D6D /* libRNPermissions.a */,
				5FE693C926E00E9F00D48D6D /* libRNReanimated.a */,
				5FE693CA26E00E9F00D48D6D /* libRNScreens.a */,
				5FE693CB26E00E9F00D48D6D /* libYoga.a */,
				5FE693CC26E00E9F00D48D6D /* libYogaKit.a */,
				ED297162215061F000B7C4FE /* JavaScriptCore.framework */,
				ED2971642150620600B7C4FE /* JavaScriptCore.framework */,
				3632492E4AC5E828116D55A7 /* libPods-MBTaxi.a */,
				E66516609C02DADC6F262D88 /* libPods-MBTaxi-MBTaxiTests.a */,
				A925513B12E044BCC13CE63A /* libPods-MBTaxi-tvOS.a */,
				ADE595ADA46D92CFDE5AD508 /* libPods-MBTaxi-tvOSTests.a */,
			);
			name = Frameworks;
			sourceTree = "<group>";
		};
		54247A9EA77736E894A920A6 /* Pods */ = {
			isa = PBXGroup;
			children = (
				09BE8A707B23D2D868F567E6 /* Pods-MBTaxi.debug.xcconfig */,
				2104EF08CED80C500B87E7FE /* Pods-MBTaxi.release.xcconfig */,
				76A382A1606BEF16DD16DD14 /* Pods-MBTaxi-MBTaxiTests.debug.xcconfig */,
				7A3EE2E5583F04D3FE500543 /* Pods-MBTaxi-MBTaxiTests.release.xcconfig */,
				962541713840C73B3DE85D45 /* Pods-MBTaxi-tvOS.debug.xcconfig */,
				E37E031375E8E125A6553D25 /* Pods-MBTaxi-tvOS.release.xcconfig */,
				B9EA2A22E7687061437C65CD /* Pods-MBTaxi-tvOSTests.debug.xcconfig */,
				A1D411B662EDA77A983A691C /* Pods-MBTaxi-tvOSTests.release.xcconfig */,
			);
			path = Pods;
			sourceTree = "<group>";
		};
		832341AE1AAA6A7D00B99B32 /* Libraries */ = {
			isa = PBXGroup;
			children = (
			);
			name = Libraries;
			sourceTree = "<group>";
		};
		83CBB9F61A601CBA00E9B192 = {
			isa = PBXGroup;
			children = (
				13B07FAE1A68108700A75B9A /* MBTaxi */,
				832341AE1AAA6A7D00B99B32 /* Libraries */,
				00E356EF1AD99517003FC87E /* MBTaxiTests */,
				83CBBA001A601CBA00E9B192 /* Products */,
				2D16E6871FA4F8E400B85C8A /* Frameworks */,
				54247A9EA77736E894A920A6 /* Pods */,
				FD34FEAA9BFC472A8C52CFC1 /* Resources */,
			);
			indentWidth = 2;
			sourceTree = "<group>";
			tabWidth = 2;
			usesTabs = 0;
		};
		83CBBA001A601CBA00E9B192 /* Products */ = {
			isa = PBXGroup;
			children = (
				13B07F961A680F5B00A75B9A /* MBTaxi.app */,
				00E356EE1AD99517003FC87E /* MBTaxiTests.xctest */,
				2D02E47B1E0B4A5D006451C7 /* MBTaxi-tvOS.app */,
				2D02E4901E0B4A5D006451C7 /* MBTaxi-tvOSTests.xctest */,
			);
			name = Products;
			sourceTree = "<group>";
		};
		FD34FEAA9BFC472A8C52CFC1 /* Resources */ = {
			isa = PBXGroup;
			children = (
				EEA34F35138846DAACBE7961 /* Montserrat-Black.ttf */,
				A0ECA69AB3D547DC81DA0B28 /* Montserrat-BlackItalic.ttf */,
				311A0029167D49FD9DAC565D /* Montserrat-Bold.ttf */,
				BC4663A51DF849FCBD2766DC /* Montserrat-BoldItalic.ttf */,
				2E6098F5222D415B83415A23 /* Montserrat-ExtraBold.ttf */,
				FA43050AAE0749C49F2BA525 /* Montserrat-ExtraBoldItalic.ttf */,
				7CDA03F506CE4786B2A10F33 /* Montserrat-ExtraLight.ttf */,
				01DAE1527F2A492B8D972142 /* Montserrat-ExtraLightItalic.ttf */,
				BC1E78B0EC2B491DA9EA5FAF /* Montserrat-Italic.ttf */,
				99CEDF2A95E04E75B9C9C010 /* Montserrat-Light.ttf */,
				B3D5F97985A64A5E948B7549 /* Montserrat-LightItalic.ttf */,
				B7BC81BDA0054BE6B4AC7F09 /* Montserrat-Medium.ttf */,
				1FA0B051EEC3437A98DCB398 /* Montserrat-MediumItalic.ttf */,
				08401F3470FB4897BA2481C4 /* Montserrat-Regular.ttf */,
				0C55E41D623A4560AC099F11 /* Montserrat-SemiBold.ttf */,
				BECC8C313DDC435A8B56EB9E /* Montserrat-SemiBoldItalic.ttf */,
				2C64907C03E948E899179B81 /* Montserrat-Thin.ttf */,
				6650D675617C4CA0934EE034 /* Montserrat-ThinItalic.ttf */,
			);
			name = Resources;
			sourceTree = "<group>";
		};
/* End PBXGroup section */

/* Begin PBXNativeTarget section */
		00E356ED1AD99517003FC87E /* MBTaxiTests */ = {
			isa = PBXNativeTarget;
			buildConfigurationList = 00E357021AD99517003FC87E /* Build configuration list for PBXNativeTarget "MBTaxiTests" */;
			buildPhases = (
				803DFA438DE7797AE27DB731 /* [CP] Check Pods Manifest.lock */,
				00E356EA1AD99517003FC87E /* Sources */,
				00E356EB1AD99517003FC87E /* Frameworks */,
				00E356EC1AD99517003FC87E /* Resources */,
				CA1EC5A15D4B23BA23F15517 /* [CP] Copy Pods Resources */,
				EBD89228E76E2971F9847A5A /* [CP] Embed Pods Frameworks */,
			);
			buildRules = (
			);
			dependencies = (
				00E356F51AD99517003FC87E /* PBXTargetDependency */,
			);
			name = MBTaxiTests;
			productName = MBTaxiTests;
			productReference = 00E356EE1AD99517003FC87E /* MBTaxiTests.xctest */;
			productType = "com.apple.product-type.bundle.unit-test";
		};
		13B07F861A680F5B00A75B9A /* MBTaxi */ = {
			isa = PBXNativeTarget;
			buildConfigurationList = 13B07F931A680F5B00A75B9A /* Build configuration list for PBXNativeTarget "MBTaxi" */;
			buildPhases = (
				D9279599175A611B92E37AAF /* [CP] Check Pods Manifest.lock */,
				FD10A7F022414F080027D42C /* Start Packager */,
				13B07F871A680F5B00A75B9A /* Sources */,
				13B07F8C1A680F5B00A75B9A /* Frameworks */,
				13B07F8E1A680F5B00A75B9A /* Resources */,
				00DD1BFF1BD5951E006B06BC /* Bundle React Native code and images */,
				6BB5A8444D8CF32ED7D0ACD0 /* [CP] Copy Pods Resources */,
				FB91E62BD83CDC05AA466114 /* [CP-User] [RNFB] Core Configuration */,
				DE893EB1211526151F35B674 /* [CP] Embed Pods Frameworks */,
			);
			buildRules = (
			);
			dependencies = (
			);
			name = MBTaxi;
			productName = MBTaxi;
			productReference = 13B07F961A680F5B00A75B9A /* MBTaxi.app */;
			productType = "com.apple.product-type.application";
		};
		2D02E47A1E0B4A5D006451C7 /* MBTaxi-tvOS */ = {
			isa = PBXNativeTarget;
			buildConfigurationList = 2D02E4BA1E0B4A5E006451C7 /* Build configuration list for PBXNativeTarget "MBTaxi-tvOS" */;
			buildPhases = (
				AA05E6DD5A3F6B4E9A59E97B /* [CP] Check Pods Manifest.lock */,
				FD10A7F122414F3F0027D42C /* Start Packager */,
				2D02E4771E0B4A5D006451C7 /* Sources */,
				2D02E4781E0B4A5D006451C7 /* Frameworks */,
				2D02E4791E0B4A5D006451C7 /* Resources */,
				2D02E4CB1E0B4B27006451C7 /* Bundle React Native Code And Images */,
			);
			buildRules = (
			);
			dependencies = (
			);
			name = "MBTaxi-tvOS";
			productName = "MBTaxi-tvOS";
			productReference = 2D02E47B1E0B4A5D006451C7 /* MBTaxi-tvOS.app */;
			productType = "com.apple.product-type.application";
		};
		2D02E48F1E0B4A5D006451C7 /* MBTaxi-tvOSTests */ = {
			isa = PBXNativeTarget;
			buildConfigurationList = 2D02E4BB1E0B4A5E006451C7 /* Build configuration list for PBXNativeTarget "MBTaxi-tvOSTests" */;
			buildPhases = (
				9BF4F07CCA8E7DD4045EA08A /* [CP] Check Pods Manifest.lock */,
				2D02E48C1E0B4A5D006451C7 /* Sources */,
				2D02E48D1E0B4A5D006451C7 /* Frameworks */,
				2D02E48E1E0B4A5D006451C7 /* Resources */,
			);
			buildRules = (
			);
			dependencies = (
				2D02E4921E0B4A5D006451C7 /* PBXTargetDependency */,
			);
			name = "MBTaxi-tvOSTests";
			productName = "MBTaxi-tvOSTests";
			productReference = 2D02E4901E0B4A5D006451C7 /* MBTaxi-tvOSTests.xctest */;
			productType = "com.apple.product-type.bundle.unit-test";
		};
/* End PBXNativeTarget section */

/* Begin PBXProject section */
		83CBB9F71A601CBA00E9B192 /* Project object */ = {
			isa = PBXProject;
			attributes = {
				LastUpgradeCheck = 1130;
				TargetAttributes = {
					00E356ED1AD99517003FC87E = {
						CreatedOnToolsVersion = 6.2;
						TestTargetID = 13B07F861A680F5B00A75B9A;
					};
					13B07F861A680F5B00A75B9A = {
						LastSwiftMigration = 1120;
					};
					2D02E47A1E0B4A5D006451C7 = {
						CreatedOnToolsVersion = 8.2.1;
						ProvisioningStyle = Automatic;
					};
					2D02E48F1E0B4A5D006451C7 = {
						CreatedOnToolsVersion = 8.2.1;
						ProvisioningStyle = Automatic;
						TestTargetID = 2D02E47A1E0B4A5D006451C7;
					};
				};
			};
			buildConfigurationList = 83CBB9FA1A601CBA00E9B192 /* Build configuration list for PBXProject "MBTaxi" */;
			compatibilityVersion = "Xcode 3.2";
			developmentRegion = en;
			hasScannedForEncodings = 0;
			knownRegions = (
				en,
				Base,
			);
			mainGroup = 83CBB9F61A601CBA00E9B192;
			productRefGroup = 83CBBA001A601CBA00E9B192 /* Products */;
			projectDirPath = "";
			projectRoot = "";
			targets = (
				13B07F861A680F5B00A75B9A /* MBTaxi */,
				00E356ED1AD99517003FC87E /* MBTaxiTests */,
				2D02E47A1E0B4A5D006451C7 /* MBTaxi-tvOS */,
				2D02E48F1E0B4A5D006451C7 /* MBTaxi-tvOSTests */,
			);
		};
/* End PBXProject section */

/* Begin PBXResourcesBuildPhase section */
		00E356EC1AD99517003FC87E /* Resources */ = {
			isa = PBXResourcesBuildPhase;
			buildActionMask = 2147483647;
			files = (
				5FE6938326E00E6E00D48D6D /* GoogleService-Info.plist in Resources */,
			);
			runOnlyForDeploymentPostprocessing = 0;
		};
		13B07F8E1A680F5B00A75B9A /* Resources */ = {
			isa = PBXResourcesBuildPhase;
			buildActionMask = 2147483647;
			files = (
				81AB9BB82411601600AC10FF /* LaunchScreen.storyboard in Resources */,
				13B07FBF1A68108700A75B9A /* Images.xcassets in Resources */,
				92322EF5176A4DD795F2CEF1 /* Montserrat-Black.ttf in Resources */,
				475A50EFBFCC4B9CAB7D2EF4 /* Montserrat-BlackItalic.ttf in Resources */,
				083111B6B0CB4236A7AB8215 /* Montserrat-Bold.ttf in Resources */,
				66ECBE10825143B892EAA6E1 /* Montserrat-BoldItalic.ttf in Resources */,
				75A5E6B1EA5E42A288B2C6C9 /* Montserrat-ExtraBold.ttf in Resources */,
				CCA50924FC7D46959584E774 /* Montserrat-ExtraBoldItalic.ttf in Resources */,
				27D3125178A34F1F84961653 /* Montserrat-ExtraLight.ttf in Resources */,
				515E231B55FB4E93BC642214 /* Montserrat-ExtraLightItalic.ttf in Resources */,
				20356A9CE88D47EAA8E71E93 /* Montserrat-Italic.ttf in Resources */,
				F13E95CE10DE4FF69BC8A957 /* Montserrat-Light.ttf in Resources */,
				5CC11462C7E34FEA89D17676 /* Montserrat-LightItalic.ttf in Resources */,
				9AD0FAAAAA184D73A4DE6F2E /* Montserrat-Medium.ttf in Resources */,
				83CBE207C5634B2F9A8CF204 /* Montserrat-MediumItalic.ttf in Resources */,
				A15AA15B43154B66BD1D441A /* Montserrat-Regular.ttf in Resources */,
				10E19419418D4CED91F65E8A /* Montserrat-SemiBold.ttf in Resources */,
				16BE1BF1ABA54AAB9CEA9A64 /* Montserrat-SemiBoldItalic.ttf in Resources */,
				A30D525426E54AC790CD804B /* Montserrat-Thin.ttf in Resources */,
				2D6AA12B836A4BEBAB911768 /* Montserrat-ThinItalic.ttf in Resources */,
				5FE6938226E00E6E00D48D6D /* GoogleService-Info.plist in Resources */,
			);
			runOnlyForDeploymentPostprocessing = 0;
		};
		2D02E4791E0B4A5D006451C7 /* Resources */ = {
			isa = PBXResourcesBuildPhase;
			buildActionMask = 2147483647;
			files = (
				2D02E4BD1E0B4A84006451C7 /* Images.xcassets in Resources */,
				5FE6938426E00E6E00D48D6D /* GoogleService-Info.plist in Resources */,
			);
			runOnlyForDeploymentPostprocessing = 0;
		};
		2D02E48E1E0B4A5D006451C7 /* Resources */ = {
			isa = PBXResourcesBuildPhase;
			buildActionMask = 2147483647;
			files = (
				5FE6938526E00E6E00D48D6D /* GoogleService-Info.plist in Resources */,
			);
			runOnlyForDeploymentPostprocessing = 0;
		};
/* End PBXResourcesBuildPhase section */

/* Begin PBXShellScriptBuildPhase section */
		00DD1BFF1BD5951E006B06BC /* Bundle React Native code and images */ = {
			isa = PBXShellScriptBuildPhase;
			buildActionMask = 2147483647;
			files = (
			);
			inputPaths = (
			);
			name = "Bundle React Native code and images";
			outputPaths = (
			);
			runOnlyForDeploymentPostprocessing = 0;
			shellPath = /bin/sh;
			shellScript = "export NODE_BINARY=node\n../node_modules/react-native/scripts/react-native-xcode.sh";
		};
		2D02E4CB1E0B4B27006451C7 /* Bundle React Native Code And Images */ = {
			isa = PBXShellScriptBuildPhase;
			buildActionMask = 2147483647;
			files = (
			);
			inputPaths = (
			);
			name = "Bundle React Native Code And Images";
			outputPaths = (
			);
			runOnlyForDeploymentPostprocessing = 0;
			shellPath = /bin/sh;
			shellScript = "export NODE_BINARY=node\n../node_modules/react-native/scripts/react-native-xcode.sh";
		};
		6BB5A8444D8CF32ED7D0ACD0 /* [CP] Copy Pods Resources */ = {
			isa = PBXShellScriptBuildPhase;
			buildActionMask = 2147483647;
			files = (
			);
			inputPaths = (
				"${PODS_ROOT}/Target Support Files/Pods-MBTaxi/Pods-MBTaxi-resources.sh",
				"${PODS_ROOT}/GoogleMaps/Maps/Frameworks/GoogleMaps.framework/Resources/GoogleMaps.bundle",
				"${PODS_CONFIGURATION_BUILD_DIR}/React-Core/AccessibilityResources.bundle",
			);
			name = "[CP] Copy Pods Resources";
			outputPaths = (
				"${TARGET_BUILD_DIR}/${UNLOCALIZED_RESOURCES_FOLDER_PATH}/GoogleMaps.bundle",
				"${TARGET_BUILD_DIR}/${UNLOCALIZED_RESOURCES_FOLDER_PATH}/AccessibilityResources.bundle",
			);
			runOnlyForDeploymentPostprocessing = 0;
			shellPath = /bin/sh;
			shellScript = "\"${PODS_ROOT}/Target Support Files/Pods-MBTaxi/Pods-MBTaxi-resources.sh\"\n";
			showEnvVarsInLog = 0;
		};
		803DFA438DE7797AE27DB731 /* [CP] Check Pods Manifest.lock */ = {
			isa = PBXShellScriptBuildPhase;
			buildActionMask = 2147483647;
			files = (
			);
			inputFileListPaths = (
			);
			inputPaths = (
				"${PODS_PODFILE_DIR_PATH}/Podfile.lock",
				"${PODS_ROOT}/Manifest.lock",
			);
			name = "[CP] Check Pods Manifest.lock";
			outputFileListPaths = (
			);
			outputPaths = (
				"$(DERIVED_FILE_DIR)/Pods-MBTaxi-MBTaxiTests-checkManifestLockResult.txt",
			);
			runOnlyForDeploymentPostprocessing = 0;
			shellPath = /bin/sh;
			shellScript = "diff \"${PODS_PODFILE_DIR_PATH}/Podfile.lock\" \"${PODS_ROOT}/Manifest.lock\" > /dev/null\nif [ $? != 0 ] ; then\n    # print error to STDERR\n    echo \"error: The sandbox is not in sync with the Podfile.lock. Run 'pod install' or update your CocoaPods installation.\" >&2\n    exit 1\nfi\n# This output is used by Xcode 'outputs' to avoid re-running this script phase.\necho \"SUCCESS\" > \"${SCRIPT_OUTPUT_FILE_0}\"\n";
			showEnvVarsInLog = 0;
		};
		9BF4F07CCA8E7DD4045EA08A /* [CP] Check Pods Manifest.lock */ = {
			isa = PBXShellScriptBuildPhase;
			buildActionMask = 2147483647;
			files = (
			);
			inputFileListPaths = (
			);
			inputPaths = (
				"${PODS_PODFILE_DIR_PATH}/Podfile.lock",
				"${PODS_ROOT}/Manifest.lock",
			);
			name = "[CP] Check Pods Manifest.lock";
			outputFileListPaths = (
			);
			outputPaths = (
				"$(DERIVED_FILE_DIR)/Pods-MBTaxi-tvOSTests-checkManifestLockResult.txt",
			);
			runOnlyForDeploymentPostprocessing = 0;
			shellPath = /bin/sh;
			shellScript = "diff \"${PODS_PODFILE_DIR_PATH}/Podfile.lock\" \"${PODS_ROOT}/Manifest.lock\" > /dev/null\nif [ $? != 0 ] ; then\n    # print error to STDERR\n    echo \"error: The sandbox is not in sync with the Podfile.lock. Run 'pod install' or update your CocoaPods installation.\" >&2\n    exit 1\nfi\n# This output is used by Xcode 'outputs' to avoid re-running this script phase.\necho \"SUCCESS\" > \"${SCRIPT_OUTPUT_FILE_0}\"\n";
			showEnvVarsInLog = 0;
		};
		AA05E6DD5A3F6B4E9A59E97B /* [CP] Check Pods Manifest.lock */ = {
			isa = PBXShellScriptBuildPhase;
			buildActionMask = 2147483647;
			files = (
			);
			inputFileListPaths = (
			);
			inputPaths = (
				"${PODS_PODFILE_DIR_PATH}/Podfile.lock",
				"${PODS_ROOT}/Manifest.lock",
			);
			name = "[CP] Check Pods Manifest.lock";
			outputFileListPaths = (
			);
			outputPaths = (
				"$(DERIVED_FILE_DIR)/Pods-MBTaxi-tvOS-checkManifestLockResult.txt",
			);
			runOnlyForDeploymentPostprocessing = 0;
			shellPath = /bin/sh;
			shellScript = "diff \"${PODS_PODFILE_DIR_PATH}/Podfile.lock\" \"${PODS_ROOT}/Manifest.lock\" > /dev/null\nif [ $? != 0 ] ; then\n    # print error to STDERR\n    echo \"error: The sandbox is not in sync with the Podfile.lock. Run 'pod install' or update your CocoaPods installation.\" >&2\n    exit 1\nfi\n# This output is used by Xcode 'outputs' to avoid re-running this script phase.\necho \"SUCCESS\" > \"${SCRIPT_OUTPUT_FILE_0}\"\n";
			showEnvVarsInLog = 0;
		};
		CA1EC5A15D4B23BA23F15517 /* [CP] Copy Pods Resources */ = {
			isa = PBXShellScriptBuildPhase;
			buildActionMask = 2147483647;
			files = (
			);
			inputPaths = (
				"${PODS_ROOT}/Target Support Files/Pods-MBTaxi-MBTaxiTests/Pods-MBTaxi-MBTaxiTests-resources.sh",
				"${PODS_ROOT}/GoogleMaps/Maps/Frameworks/GoogleMaps.framework/Resources/GoogleMaps.bundle",
				"${PODS_CONFIGURATION_BUILD_DIR}/React-Core/AccessibilityResources.bundle",
			);
			name = "[CP] Copy Pods Resources";
			outputPaths = (
				"${TARGET_BUILD_DIR}/${UNLOCALIZED_RESOURCES_FOLDER_PATH}/GoogleMaps.bundle",
				"${TARGET_BUILD_DIR}/${UNLOCALIZED_RESOURCES_FOLDER_PATH}/AccessibilityResources.bundle",
			);
			runOnlyForDeploymentPostprocessing = 0;
			shellPath = /bin/sh;
			shellScript = "\"${PODS_ROOT}/Target Support Files/Pods-MBTaxi-MBTaxiTests/Pods-MBTaxi-MBTaxiTests-resources.sh\"\n";
			showEnvVarsInLog = 0;
		};
		D9279599175A611B92E37AAF /* [CP] Check Pods Manifest.lock */ = {
			isa = PBXShellScriptBuildPhase;
			buildActionMask = 2147483647;
			files = (
			);
			inputFileListPaths = (
			);
			inputPaths = (
				"${PODS_PODFILE_DIR_PATH}/Podfile.lock",
				"${PODS_ROOT}/Manifest.lock",
			);
			name = "[CP] Check Pods Manifest.lock";
			outputFileListPaths = (
			);
			outputPaths = (
				"$(DERIVED_FILE_DIR)/Pods-MBTaxi-checkManifestLockResult.txt",
			);
			runOnlyForDeploymentPostprocessing = 0;
			shellPath = /bin/sh;
			shellScript = "diff \"${PODS_PODFILE_DIR_PATH}/Podfile.lock\" \"${PODS_ROOT}/Manifest.lock\" > /dev/null\nif [ $? != 0 ] ; then\n    # print error to STDERR\n    echo \"error: The sandbox is not in sync with the Podfile.lock. Run 'pod install' or update your CocoaPods installation.\" >&2\n    exit 1\nfi\n# This output is used by Xcode 'outputs' to avoid re-running this script phase.\necho \"SUCCESS\" > \"${SCRIPT_OUTPUT_FILE_0}\"\n";
			showEnvVarsInLog = 0;
		};
		DE893EB1211526151F35B674 /* [CP] Embed Pods Frameworks */ = {
			isa = PBXShellScriptBuildPhase;
			buildActionMask = 2147483647;
			files = (
			);
			inputPaths = (
				"${PODS_ROOT}/Target Support Files/Pods-MBTaxi/Pods-MBTaxi-frameworks.sh",
				"${PODS_XCFRAMEWORKS_BUILD_DIR}/OpenSSL-Universal/OpenSSL.framework/OpenSSL",
			);
			name = "[CP] Embed Pods Frameworks";
			outputPaths = (
				"${TARGET_BUILD_DIR}/${FRAMEWORKS_FOLDER_PATH}/OpenSSL.framework",
			);
			runOnlyForDeploymentPostprocessing = 0;
			shellPath = /bin/sh;
			shellScript = "\"${PODS_ROOT}/Target Support Files/Pods-MBTaxi/Pods-MBTaxi-frameworks.sh\"\n";
			showEnvVarsInLog = 0;
		};
		EBD89228E76E2971F9847A5A /* [CP] Embed Pods Frameworks */ = {
			isa = PBXShellScriptBuildPhase;
			buildActionMask = 2147483647;
			files = (
			);
			inputPaths = (
				"${PODS_ROOT}/Target Support Files/Pods-MBTaxi-MBTaxiTests/Pods-MBTaxi-MBTaxiTests-frameworks.sh",
				"${PODS_XCFRAMEWORKS_BUILD_DIR}/OpenSSL-Universal/OpenSSL.framework/OpenSSL",
			);
			name = "[CP] Embed Pods Frameworks";
			outputPaths = (
				"${TARGET_BUILD_DIR}/${FRAMEWORKS_FOLDER_PATH}/OpenSSL.framework",
			);
			runOnlyForDeploymentPostprocessing = 0;
			shellPath = /bin/sh;
			shellScript = "\"${PODS_ROOT}/Target Support Files/Pods-MBTaxi-MBTaxiTests/Pods-MBTaxi-MBTaxiTests-frameworks.sh\"\n";
			showEnvVarsInLog = 0;
		};
		FB91E62BD83CDC05AA466114 /* [CP-User] [RNFB] Core Configuration */ = {
			isa = PBXShellScriptBuildPhase;
			buildActionMask = 2147483647;
			files = (
			);
			inputPaths = (
				"$(BUILT_PRODUCTS_DIR)/$(INFOPLIST_PATH)",
			);
			name = "[CP-User] [RNFB] Core Configuration";
			runOnlyForDeploymentPostprocessing = 0;
			shellPath = /bin/sh;
			shellScript = "#!/usr/bin/env bash\n#\n# Copyright (c) 2016-present Invertase Limited & Contributors\n#\n# Licensed under the Apache License, Version 2.0 (the \"License\");\n# you may not use this library except in compliance with the License.\n# You may obtain a copy of the License at\n#\n#   http://www.apache.org/licenses/LICENSE-2.0\n#\n# Unless required by applicable law or agreed to in writing, software\n# distributed under the License is distributed on an \"AS IS\" BASIS,\n# WITHOUT WARRANTIES OR CONDITIONS OF ANY KIND, either express or implied.\n# See the License for the specific language governing permissions and\n# limitations under the License.\n#\nset -e\n\n_MAX_LOOKUPS=2;\n_SEARCH_RESULT=''\n_RN_ROOT_EXISTS=''\n_CURRENT_LOOKUPS=1\n_JSON_ROOT=\"'react-native'\"\n_JSON_FILE_NAME='firebase.json'\n_JSON_OUTPUT_BASE64='e30=' # { }\n_CURRENT_SEARCH_DIR=${PROJECT_DIR}\n_PLIST_BUDDY=/usr/libexec/PlistBuddy\n_TARGET_PLIST=\"${BUILT_PRODUCTS_DIR}/${INFOPLIST_PATH}\"\n_DSYM_PLIST=\"${DWARF_DSYM_FOLDER_PATH}/${DWARF_DSYM_FILE_NAME}/Contents/Info.plist\"\n\n# plist arrays\n_PLIST_ENTRY_KEYS=()\n_PLIST_ENTRY_TYPES=()\n_PLIST_ENTRY_VALUES=()\n\nfunction setPlistValue {\n  echo \"info:      setting plist entry '$1' of type '$2' in file '$4'\"\n  ${_PLIST_BUDDY} -c \"Add :$1 $2 '$3'\" $4 || echo \"info:      '$1' already exists\"\n}\n\nfunction getFirebaseJsonKeyValue () {\n  if [[ ${_RN_ROOT_EXISTS} ]]; then\n    ruby -e \"require 'rubygems';require 'json'; output=JSON.parse('$1'); puts output[$_JSON_ROOT]['$2']\"\n  else\n    echo \"\"\n  fi;\n}\n\nfunction jsonBoolToYesNo () {\n  if [[ $1 == \"false\" ]]; then\n    echo \"NO\"\n  elif [[ $1 == \"true\" ]]; then\n    echo \"YES\"\n  else echo \"NO\"\n  fi\n}\n\necho \"info: -> RNFB build script started\"\necho \"info: 1) Locating ${_JSON_FILE_NAME} file:\"\n\nif [[ -z ${_CURRENT_SEARCH_DIR} ]]; then\n  _CURRENT_SEARCH_DIR=$(pwd)\nfi;\n\nwhile true; do\n  _CURRENT_SEARCH_DIR=$(dirname \"$_CURRENT_SEARCH_DIR\")\n  if [[ \"$_CURRENT_SEARCH_DIR\" == \"/\" ]] || [[ ${_CURRENT_LOOKUPS} -gt ${_MAX_LOOKUPS} ]]; then break; fi;\n  echo \"info:      ($_CURRENT_LOOKUPS of $_MAX_LOOKUPS) Searching in '$_CURRENT_SEARCH_DIR' for a ${_JSON_FILE_NAME} file.\"\n  _SEARCH_RESULT=$(find \"$_CURRENT_SEARCH_DIR\" -maxdepth 2 -name ${_JSON_FILE_NAME} -print | head -n 1)\n  if [[ ${_SEARCH_RESULT} ]]; then\n    echo \"info:      ${_JSON_FILE_NAME} found at $_SEARCH_RESULT\"\n    break;\n  fi;\n  _CURRENT_LOOKUPS=$((_CURRENT_LOOKUPS+1))\ndone\n\nif [[ ${_SEARCH_RESULT} ]]; then\n  _JSON_OUTPUT_RAW=$(cat \"${_SEARCH_RESULT}\")\n  _RN_ROOT_EXISTS=$(ruby -e \"require 'rubygems';require 'json'; output=JSON.parse('$_JSON_OUTPUT_RAW'); puts output[$_JSON_ROOT]\" || echo '')\n\n  if [[ ${_RN_ROOT_EXISTS} ]]; then\n    _JSON_OUTPUT_BASE64=$(python -c 'import json,sys,base64;print(base64.b64encode(json.dumps(json.loads(open('\"'${_SEARCH_RESULT}'\"').read())['${_JSON_ROOT}'])))' || echo \"e30=\")\n  fi\n\n  _PLIST_ENTRY_KEYS+=(\"firebase_json_raw\")\n  _PLIST_ENTRY_TYPES+=(\"string\")\n  _PLIST_ENTRY_VALUES+=(\"$_JSON_OUTPUT_BASE64\")\n\n  # config.app_data_collection_default_enabled\n  _APP_DATA_COLLECTION_ENABLED=$(getFirebaseJsonKeyValue \"$_JSON_OUTPUT_RAW\" \"app_data_collection_default_enabled\")\n  if [[ $_APP_DATA_COLLECTION_ENABLED ]]; then\n    _PLIST_ENTRY_KEYS+=(\"FirebaseDataCollectionDefaultEnabled\")\n    _PLIST_ENTRY_TYPES+=(\"bool\")\n    _PLIST_ENTRY_VALUES+=(\"$(jsonBoolToYesNo \"$_APP_DATA_COLLECTION_ENABLED\")\")\n  fi\n\n  # config.analytics_auto_collection_enabled\n  _ANALYTICS_AUTO_COLLECTION=$(getFirebaseJsonKeyValue \"$_JSON_OUTPUT_RAW\" \"analytics_auto_collection_enabled\")\n  if [[ $_ANALYTICS_AUTO_COLLECTION ]]; then\n    _PLIST_ENTRY_KEYS+=(\"FIREBASE_ANALYTICS_COLLECTION_ENABLED\")\n    _PLIST_ENTRY_TYPES+=(\"bool\")\n    _PLIST_ENTRY_VALUES+=(\"$(jsonBoolToYesNo \"$_ANALYTICS_AUTO_COLLECTION\")\")\n  fi\n\n  # config.analytics_collection_deactivated\n  _ANALYTICS_DEACTIVATED=$(getFirebaseJsonKeyValue \"$_JSON_OUTPUT_RAW\" \"analytics_collection_deactivated\")\n  if [[ $_ANALYTICS_DEACTIVATED ]]; then\n    _PLIST_ENTRY_KEYS+=(\"FIREBASE_ANALYTICS_COLLECTION_DEACTIVATED\")\n    _PLIST_ENTRY_TYPES+=(\"bool\")\n    _PLIST_ENTRY_VALUES+=(\"$(jsonBoolToYesNo \"$_ANALYTICS_DEACTIVATED\")\")\n  fi\n\n  # config.analytics_idfv_collection_enabled\n  _ANALYTICS_IDFV_COLLECTION=$(getFirebaseJsonKeyValue \"$_JSON_OUTPUT_RAW\" \"analytics_idfv_collection_enabled\")\n  if [[ $_ANALYTICS_IDFV_COLLECTION ]]; then\n    _PLIST_ENTRY_KEYS+=(\"GOOGLE_ANALYTICS_IDFV_COLLECTION_ENABLED\")\n    _PLIST_ENTRY_TYPES+=(\"bool\")\n    _PLIST_ENTRY_VALUES+=(\"$(jsonBoolToYesNo \"$_ANALYTICS_IDFV_COLLECTION\")\")\n  fi\n\n  # config.analytics_default_allow_ad_personalization_signals\n  _ANALYTICS_PERSONALIZATION=$(getFirebaseJsonKeyValue \"$_JSON_OUTPUT_RAW\" \"analytics_default_allow_ad_personalization_signals\")\n  if [[ $_ANALYTICS_PERSONALIZATION ]]; then\n    _PLIST_ENTRY_KEYS+=(\"GOOGLE_ANALYTICS_DEFAULT_ALLOW_AD_PERSONALIZATION_SIGNALS\")\n    _PLIST_ENTRY_TYPES+=(\"bool\")\n    _PLIST_ENTRY_VALUES+=(\"$(jsonBoolToYesNo \"$_ANALYTICS_PERSONALIZATION\")\")\n  fi\n\n  # config.perf_auto_collection_enabled\n  _PERF_AUTO_COLLECTION=$(getFirebaseJsonKeyValue \"$_JSON_OUTPUT_RAW\" \"perf_auto_collection_enabled\")\n  if [[ $_PERF_AUTO_COLLECTION ]]; then\n    _PLIST_ENTRY_KEYS+=(\"firebase_performance_collection_enabled\")\n    _PLIST_ENTRY_TYPES+=(\"bool\")\n    _PLIST_ENTRY_VALUES+=(\"$(jsonBoolToYesNo \"$_PERF_AUTO_COLLECTION\")\")\n  fi\n\n  # config.perf_collection_deactivated\n  _PERF_DEACTIVATED=$(getFirebaseJsonKeyValue \"$_JSON_OUTPUT_RAW\" \"perf_collection_deactivated\")\n  if [[ $_PERF_DEACTIVATED ]]; then\n    _PLIST_ENTRY_KEYS+=(\"firebase_performance_collection_deactivated\")\n    _PLIST_ENTRY_TYPES+=(\"bool\")\n    _PLIST_ENTRY_VALUES+=(\"$(jsonBoolToYesNo \"$_PERF_DEACTIVATED\")\")\n  fi\n\n  # config.messaging_auto_init_enabled\n  _MESSAGING_AUTO_INIT=$(getFirebaseJsonKeyValue \"$_JSON_OUTPUT_RAW\" \"messaging_auto_init_enabled\")\n  if [[ $_MESSAGING_AUTO_INIT ]]; then\n    _PLIST_ENTRY_KEYS+=(\"FirebaseMessagingAutoInitEnabled\")\n    _PLIST_ENTRY_TYPES+=(\"bool\")\n    _PLIST_ENTRY_VALUES+=(\"$(jsonBoolToYesNo \"$_MESSAGING_AUTO_INIT\")\")\n  fi\n\n  # config.in_app_messaging_auto_colllection_enabled\n  _FIAM_AUTO_INIT=$(getFirebaseJsonKeyValue \"$_JSON_OUTPUT_RAW\" \"in_app_messaging_auto_collection_enabled\")\n  if [[ $_FIAM_AUTO_INIT ]]; then\n    _PLIST_ENTRY_KEYS+=(\"FirebaseInAppMessagingAutomaticDataCollectionEnabled\")\n    _PLIST_ENTRY_TYPES+=(\"bool\")\n    _PLIST_ENTRY_VALUES+=(\"$(jsonBoolToYesNo \"$_FIAM_AUTO_INIT\")\")\n  fi\n\n  # config.app_check_token_auto_refresh\n  _APP_CHECK_TOKEN_AUTO_REFRESH=$(getFirebaseJsonKeyValue \"$_JSON_OUTPUT_RAW\" \"app_check_token_auto_refresh\")\n  if [[ $_APP_CHECK_TOKEN_AUTO_REFRESH ]]; then\n    _PLIST_ENTRY_KEYS+=(\"FirebaseAppCheckTokenAutoRefreshEnabled\")\n    _PLIST_ENTRY_TYPES+=(\"bool\")\n    _PLIST_ENTRY_VALUES+=(\"$(jsonBoolToYesNo \"$_APP_CHECK_TOKEN_AUTO_REFRESH\")\")\n  fi\n\n  # config.crashlytics_disable_auto_disabler - undocumented for now - mainly for debugging, document if becomes useful\n  _CRASHLYTICS_AUTO_DISABLE_ENABLED=$(getFirebaseJsonKeyValue \"$_JSON_OUTPUT_RAW\" \"crashlytics_disable_auto_disabler\")\n  if [[ $_CRASHLYTICS_AUTO_DISABLE_ENABLED == \"true\" ]]; then\n    echo \"Disabled Crashlytics auto disabler.\" # do nothing\n  else\n    _PLIST_ENTRY_KEYS+=(\"FirebaseCrashlyticsCollectionEnabled\")\n    _PLIST_ENTRY_TYPES+=(\"bool\")\n    _PLIST_ENTRY_VALUES+=(\"NO\")\n  fi\nelse\n  _PLIST_ENTRY_KEYS+=(\"firebase_json_raw\")\n  _PLIST_ENTRY_TYPES+=(\"string\")\n  _PLIST_ENTRY_VALUES+=(\"$_JSON_OUTPUT_BASE64\")\n  echo \"warning:   A firebase.json file was not found, whilst this file is optional it is recommended to include it to configure firebase services in React Native Firebase.\"\nfi;\n\necho \"info: 2) Injecting Info.plist entries: \"\n\n# Log out the keys we're adding\nfor i in \"${!_PLIST_ENTRY_KEYS[@]}\"; do\n  echo \"    ->  $i) ${_PLIST_ENTRY_KEYS[$i]}\" \"${_PLIST_ENTRY_TYPES[$i]}\" \"${_PLIST_ENTRY_VALUES[$i]}\"\ndone\n\nfor plist in \"${_TARGET_PLIST}\" \"${_DSYM_PLIST}\" ; do\n  if [[ -f \"${plist}\" ]]; then\n\n    # paths with spaces break the call to setPlistValue. temporarily modify\n    # the shell internal field separator variable (IFS), which normally\n    # includes spaces, to consist only of line breaks\n    oldifs=$IFS\n    IFS=\"\n\"\n\n    for i in \"${!_PLIST_ENTRY_KEYS[@]}\"; do\n      setPlistValue \"${_PLIST_ENTRY_KEYS[$i]}\" \"${_PLIST_ENTRY_TYPES[$i]}\" \"${_PLIST_ENTRY_VALUES[$i]}\" \"${plist}\"\n    done\n\n    # restore the original internal field separator value\n    IFS=$oldifs\n  else\n    echo \"warning:   A Info.plist build output file was not found (${plist})\"\n  fi\ndone\n\necho \"info: <- RNFB build script finished\"\n";
		};
		FD10A7F022414F080027D42C /* Start Packager */ = {
			isa = PBXShellScriptBuildPhase;
			buildActionMask = 2147483647;
			files = (
			);
			inputFileListPaths = (
			);
			inputPaths = (
			);
			name = "Start Packager";
			outputFileListPaths = (
			);
			outputPaths = (
			);
			runOnlyForDeploymentPostprocessing = 0;
			shellPath = /bin/sh;
			shellScript = "export RCT_METRO_PORT=\"${RCT_METRO_PORT:=8081}\"\necho \"export RCT_METRO_PORT=${RCT_METRO_PORT}\" > \"${SRCROOT}/../node_modules/react-native/scripts/.packager.env\"\nif [ -z \"${RCT_NO_LAUNCH_PACKAGER+xxx}\" ] ; then\n  if nc -w 5 -z localhost ${RCT_METRO_PORT} ; then\n    if ! curl -s \"http://localhost:${RCT_METRO_PORT}/status\" | grep -q \"packager-status:running\" ; then\n      echo \"Port ${RCT_METRO_PORT} already in use, packager is either not running or not running correctly\"\n      exit 2\n    fi\n  else\n    open \"$SRCROOT/../node_modules/react-native/scripts/launchPackager.command\" || echo \"Can't start packager automatically\"\n  fi\nfi\n";
			showEnvVarsInLog = 0;
		};
		FD10A7F122414F3F0027D42C /* Start Packager */ = {
			isa = PBXShellScriptBuildPhase;
			buildActionMask = 2147483647;
			files = (
			);
			inputFileListPaths = (
			);
			inputPaths = (
			);
			name = "Start Packager";
			outputFileListPaths = (
			);
			outputPaths = (
			);
			runOnlyForDeploymentPostprocessing = 0;
			shellPath = /bin/sh;
			shellScript = "export RCT_METRO_PORT=\"${RCT_METRO_PORT:=8081}\"\necho \"export RCT_METRO_PORT=${RCT_METRO_PORT}\" > \"${SRCROOT}/../node_modules/react-native/scripts/.packager.env\"\nif [ -z \"${RCT_NO_LAUNCH_PACKAGER+xxx}\" ] ; then\n  if nc -w 5 -z localhost ${RCT_METRO_PORT} ; then\n    if ! curl -s \"http://localhost:${RCT_METRO_PORT}/status\" | grep -q \"packager-status:running\" ; then\n      echo \"Port ${RCT_METRO_PORT} already in use, packager is either not running or not running correctly\"\n      exit 2\n    fi\n  else\n    open \"$SRCROOT/../node_modules/react-native/scripts/launchPackager.command\" || echo \"Can't start packager automatically\"\n  fi\nfi\n";
			showEnvVarsInLog = 0;
		};
/* End PBXShellScriptBuildPhase section */

/* Begin PBXSourcesBuildPhase section */
		00E356EA1AD99517003FC87E /* Sources */ = {
			isa = PBXSourcesBuildPhase;
			buildActionMask = 2147483647;
			files = (
				00E356F31AD99517003FC87E /* MBTaxiTests.m in Sources */,
			);
			runOnlyForDeploymentPostprocessing = 0;
		};
		13B07F871A680F5B00A75B9A /* Sources */ = {
			isa = PBXSourcesBuildPhase;
			buildActionMask = 2147483647;
			files = (
				13B07FBC1A68108700A75B9A /* AppDelegate.m in Sources */,
				13B07FC11A68108700A75B9A /* main.m in Sources */,
			);
			runOnlyForDeploymentPostprocessing = 0;
		};
		2D02E4771E0B4A5D006451C7 /* Sources */ = {
			isa = PBXSourcesBuildPhase;
			buildActionMask = 2147483647;
			files = (
				2D02E4BF1E0B4AB3006451C7 /* main.m in Sources */,
				2D02E4BC1E0B4A80006451C7 /* AppDelegate.m in Sources */,
			);
			runOnlyForDeploymentPostprocessing = 0;
		};
		2D02E48C1E0B4A5D006451C7 /* Sources */ = {
			isa = PBXSourcesBuildPhase;
			buildActionMask = 2147483647;
			files = (
				2DCD954D1E0B4F2C00145EB5 /* MBTaxiTests.m in Sources */,
			);
			runOnlyForDeploymentPostprocessing = 0;
		};
/* End PBXSourcesBuildPhase section */

/* Begin PBXTargetDependency section */
		00E356F51AD99517003FC87E /* PBXTargetDependency */ = {
			isa = PBXTargetDependency;
			target = 13B07F861A680F5B00A75B9A /* MBTaxi */;
			targetProxy = 00E356F41AD99517003FC87E /* PBXContainerItemProxy */;
		};
		2D02E4921E0B4A5D006451C7 /* PBXTargetDependency */ = {
			isa = PBXTargetDependency;
			target = 2D02E47A1E0B4A5D006451C7 /* MBTaxi-tvOS */;
			targetProxy = 2D02E4911E0B4A5D006451C7 /* PBXContainerItemProxy */;
		};
/* End PBXTargetDependency section */

/* Begin XCBuildConfiguration section */
		00E356F61AD99517003FC87E /* Debug */ = {
			isa = XCBuildConfiguration;
			baseConfigurationReference = 76A382A1606BEF16DD16DD14 /* Pods-MBTaxi-MBTaxiTests.debug.xcconfig */;
			buildSettings = {
				BUNDLE_LOADER = "$(TEST_HOST)";
				GCC_PREPROCESSOR_DEFINITIONS = (
					"DEBUG=1",
					"$(inherited)",
				);
				INFOPLIST_FILE = MBTaxiTests/Info.plist;
				IPHONEOS_DEPLOYMENT_TARGET = 10.0;
				LD_RUNPATH_SEARCH_PATHS = "$(inherited) @executable_path/Frameworks @loader_path/Frameworks";
				LIBRARY_SEARCH_PATHS = (
					"$(SDKROOT)/usr/lib/swift",
					"$(inherited)",
				);
				OTHER_LDFLAGS = (
					"-ObjC",
					"-lc++",
					"$(inherited)",
				);
				PRODUCT_BUNDLE_IDENTIFIER = "org.reactjs.native.example.$(PRODUCT_NAME:rfc1034identifier)";
				PRODUCT_NAME = "$(TARGET_NAME)";
				TEST_HOST = "$(BUILT_PRODUCTS_DIR)/MBTaxi.app/MBTaxi";
			};
			name = Debug;
		};
		00E356F71AD99517003FC87E /* Release */ = {
			isa = XCBuildConfiguration;
			baseConfigurationReference = 7A3EE2E5583F04D3FE500543 /* Pods-MBTaxi-MBTaxiTests.release.xcconfig */;
			buildSettings = {
				BUNDLE_LOADER = "$(TEST_HOST)";
				COPY_PHASE_STRIP = NO;
				INFOPLIST_FILE = MBTaxiTests/Info.plist;
				IPHONEOS_DEPLOYMENT_TARGET = 10.0;
				LD_RUNPATH_SEARCH_PATHS = "$(inherited) @executable_path/Frameworks @loader_path/Frameworks";
				LIBRARY_SEARCH_PATHS = (
					"$(SDKROOT)/usr/lib/swift",
					"$(inherited)",
				);
				OTHER_LDFLAGS = (
					"-ObjC",
					"-lc++",
					"$(inherited)",
				);
				PRODUCT_BUNDLE_IDENTIFIER = "org.reactjs.native.example.$(PRODUCT_NAME:rfc1034identifier)";
				PRODUCT_NAME = "$(TARGET_NAME)";
				TEST_HOST = "$(BUILT_PRODUCTS_DIR)/MBTaxi.app/MBTaxi";
			};
			name = Release;
		};
		13B07F941A680F5B00A75B9A /* Debug */ = {
			isa = XCBuildConfiguration;
			baseConfigurationReference = 09BE8A707B23D2D868F567E6 /* Pods-MBTaxi.debug.xcconfig */;
			buildSettings = {
				ASSETCATALOG_COMPILER_APPICON_NAME = AppIcon;
				CLANG_ENABLE_MODULES = YES;
				CURRENT_PROJECT_VERSION = 1;
				ENABLE_BITCODE = NO;
				INFOPLIST_FILE = MBTaxi/Info.plist;
				LD_RUNPATH_SEARCH_PATHS = "$(inherited) @executable_path/Frameworks";
				LIBRARY_SEARCH_PATHS = (
					"$(SDKROOT)/usr/lib/swift",
					"$(inherited)",
				);
				OTHER_LDFLAGS = (
					"$(inherited)",
					"-ObjC",
					"-lc++",
				);
				PRODUCT_BUNDLE_IDENTIFIER = com.mbouendeu.MBTaxi;
				PRODUCT_NAME = MBTaxi;
				SWIFT_OPTIMIZATION_LEVEL = "-Onone";
				SWIFT_VERSION = 5.0;
				VERSIONING_SYSTEM = "apple-generic";
			};
			name = Debug;
		};
		13B07F951A680F5B00A75B9A /* Release */ = {
			isa = XCBuildConfiguration;
			baseConfigurationReference = 2104EF08CED80C500B87E7FE /* Pods-MBTaxi.release.xcconfig */;
			buildSettings = {
				ASSETCATALOG_COMPILER_APPICON_NAME = AppIcon;
				CLANG_ENABLE_MODULES = YES;
				CURRENT_PROJECT_VERSION = 1;
				INFOPLIST_FILE = MBTaxi/Info.plist;
				LD_RUNPATH_SEARCH_PATHS = "$(inherited) @executable_path/Frameworks";
				LIBRARY_SEARCH_PATHS = (
					"$(SDKROOT)/usr/lib/swift",
					"$(inherited)",
				);
				OTHER_LDFLAGS = (
					"$(inherited)",
					"-ObjC",
					"-lc++",
				);
				PRODUCT_BUNDLE_IDENTIFIER = com.mbouendeu.MBTaxi;
				PRODUCT_NAME = MBTaxi;
				SWIFT_VERSION = 5.0;
				VERSIONING_SYSTEM = "apple-generic";
			};
			name = Release;
		};
		2D02E4971E0B4A5E006451C7 /* Debug */ = {
			isa = XCBuildConfiguration;
			baseConfigurationReference = 962541713840C73B3DE85D45 /* Pods-MBTaxi-tvOS.debug.xcconfig */;
			buildSettings = {
				ASSETCATALOG_COMPILER_APPICON_NAME = "App Icon & Top Shelf Image";
				ASSETCATALOG_COMPILER_LAUNCHIMAGE_NAME = LaunchImage;
				CLANG_ANALYZER_NONNULL = YES;
				CLANG_WARN_DOCUMENTATION_COMMENTS = YES;
				CLANG_WARN_INFINITE_RECURSION = YES;
				CLANG_WARN_SUSPICIOUS_MOVE = YES;
				DEBUG_INFORMATION_FORMAT = dwarf;
				ENABLE_TESTABILITY = YES;
				GCC_NO_COMMON_BLOCKS = YES;
				INFOPLIST_FILE = "MBTaxi-tvOS/Info.plist";
				LD_RUNPATH_SEARCH_PATHS = "$(inherited) @executable_path/Frameworks";
				LIBRARY_SEARCH_PATHS = (
					"$(SDKROOT)/usr/lib/swift",
					"$(inherited)",
				);
				OTHER_LDFLAGS = (
					"$(inherited)",
					"-ObjC",
					"-lc++",
				);
				PRODUCT_BUNDLE_IDENTIFIER = "org.reactjs.native.example.MBTaxi-tvOS";
				PRODUCT_NAME = "$(TARGET_NAME)";
				SDKROOT = appletvos;
				TARGETED_DEVICE_FAMILY = 3;
				TVOS_DEPLOYMENT_TARGET = 10.0;
			};
			name = Debug;
		};
		2D02E4981E0B4A5E006451C7 /* Release */ = {
			isa = XCBuildConfiguration;
			baseConfigurationReference = E37E031375E8E125A6553D25 /* Pods-MBTaxi-tvOS.release.xcconfig */;
			buildSettings = {
				ASSETCATALOG_COMPILER_APPICON_NAME = "App Icon & Top Shelf Image";
				ASSETCATALOG_COMPILER_LAUNCHIMAGE_NAME = LaunchImage;
				CLANG_ANALYZER_NONNULL = YES;
				CLANG_WARN_DOCUMENTATION_COMMENTS = YES;
				CLANG_WARN_INFINITE_RECURSION = YES;
				CLANG_WARN_SUSPICIOUS_MOVE = YES;
				COPY_PHASE_STRIP = NO;
				DEBUG_INFORMATION_FORMAT = "dwarf-with-dsym";
				GCC_NO_COMMON_BLOCKS = YES;
				INFOPLIST_FILE = "MBTaxi-tvOS/Info.plist";
				LD_RUNPATH_SEARCH_PATHS = "$(inherited) @executable_path/Frameworks";
				LIBRARY_SEARCH_PATHS = (
					"$(SDKROOT)/usr/lib/swift",
					"$(inherited)",
				);
				OTHER_LDFLAGS = (
					"$(inherited)",
					"-ObjC",
					"-lc++",
				);
				PRODUCT_BUNDLE_IDENTIFIER = "org.reactjs.native.example.MBTaxi-tvOS";
				PRODUCT_NAME = "$(TARGET_NAME)";
				SDKROOT = appletvos;
				TARGETED_DEVICE_FAMILY = 3;
				TVOS_DEPLOYMENT_TARGET = 10.0;
			};
			name = Release;
		};
		2D02E4991E0B4A5E006451C7 /* Debug */ = {
			isa = XCBuildConfiguration;
			baseConfigurationReference = B9EA2A22E7687061437C65CD /* Pods-MBTaxi-tvOSTests.debug.xcconfig */;
			buildSettings = {
				BUNDLE_LOADER = "$(TEST_HOST)";
				CLANG_ANALYZER_NONNULL = YES;
				CLANG_WARN_DOCUMENTATION_COMMENTS = YES;
				CLANG_WARN_INFINITE_RECURSION = YES;
				CLANG_WARN_SUSPICIOUS_MOVE = YES;
				DEBUG_INFORMATION_FORMAT = dwarf;
				ENABLE_TESTABILITY = YES;
				GCC_NO_COMMON_BLOCKS = YES;
				INFOPLIST_FILE = "MBTaxi-tvOSTests/Info.plist";
				LD_RUNPATH_SEARCH_PATHS = "$(inherited) @executable_path/Frameworks @loader_path/Frameworks";
				LIBRARY_SEARCH_PATHS = (
					"$(SDKROOT)/usr/lib/swift",
					"$(inherited)",
				);
				OTHER_LDFLAGS = (
					"$(inherited)",
					"-ObjC",
					"-lc++",
				);
				PRODUCT_BUNDLE_IDENTIFIER = "org.reactjs.native.example.MBTaxi-tvOSTests";
				PRODUCT_NAME = "$(TARGET_NAME)";
				SDKROOT = appletvos;
				TEST_HOST = "$(BUILT_PRODUCTS_DIR)/MBTaxi-tvOS.app/MBTaxi-tvOS";
				TVOS_DEPLOYMENT_TARGET = 10.1;
			};
			name = Debug;
		};
		2D02E49A1E0B4A5E006451C7 /* Release */ = {
			isa = XCBuildConfiguration;
			baseConfigurationReference = A1D411B662EDA77A983A691C /* Pods-MBTaxi-tvOSTests.release.xcconfig */;
			buildSettings = {
				BUNDLE_LOADER = "$(TEST_HOST)";
				CLANG_ANALYZER_NONNULL = YES;
				CLANG_WARN_DOCUMENTATION_COMMENTS = YES;
				CLANG_WARN_INFINITE_RECURSION = YES;
				CLANG_WARN_SUSPICIOUS_MOVE = YES;
				COPY_PHASE_STRIP = NO;
				DEBUG_INFORMATION_FORMAT = "dwarf-with-dsym";
				GCC_NO_COMMON_BLOCKS = YES;
				INFOPLIST_FILE = "MBTaxi-tvOSTests/Info.plist";
				LD_RUNPATH_SEARCH_PATHS = "$(inherited) @executable_path/Frameworks @loader_path/Frameworks";
				LIBRARY_SEARCH_PATHS = (
					"$(SDKROOT)/usr/lib/swift",
					"$(inherited)",
				);
				OTHER_LDFLAGS = (
					"$(inherited)",
					"-ObjC",
					"-lc++",
				);
				PRODUCT_BUNDLE_IDENTIFIER = "org.reactjs.native.example.MBTaxi-tvOSTests";
				PRODUCT_NAME = "$(TARGET_NAME)";
				SDKROOT = appletvos;
				TEST_HOST = "$(BUILT_PRODUCTS_DIR)/MBTaxi-tvOS.app/MBTaxi-tvOS";
				TVOS_DEPLOYMENT_TARGET = 10.1;
			};
			name = Release;
		};
		83CBBA201A601CBA00E9B192 /* Debug */ = {
			isa = XCBuildConfiguration;
			buildSettings = {
				ALWAYS_SEARCH_USER_PATHS = NO;
				CLANG_ANALYZER_LOCALIZABILITY_NONLOCALIZED = YES;
				CLANG_CXX_LANGUAGE_STANDARD = "gnu++0x";
				CLANG_CXX_LIBRARY = "libc++";
				CLANG_ENABLE_MODULES = YES;
				CLANG_ENABLE_OBJC_ARC = YES;
				CLANG_WARN_BLOCK_CAPTURE_AUTORELEASING = YES;
				CLANG_WARN_BOOL_CONVERSION = YES;
				CLANG_WARN_COMMA = YES;
				CLANG_WARN_CONSTANT_CONVERSION = YES;
				CLANG_WARN_DEPRECATED_OBJC_IMPLEMENTATIONS = YES;
				CLANG_WARN_DIRECT_OBJC_ISA_USAGE = YES_ERROR;
				CLANG_WARN_EMPTY_BODY = YES;
				CLANG_WARN_ENUM_CONVERSION = YES;
				CLANG_WARN_INFINITE_RECURSION = YES;
				CLANG_WARN_INT_CONVERSION = YES;
				CLANG_WARN_NON_LITERAL_NULL_CONVERSION = YES;
				CLANG_WARN_OBJC_IMPLICIT_RETAIN_SELF = YES;
				CLANG_WARN_OBJC_LITERAL_CONVERSION = YES;
				CLANG_WARN_OBJC_ROOT_CLASS = YES_ERROR;
				CLANG_WARN_RANGE_LOOP_ANALYSIS = YES;
				CLANG_WARN_STRICT_PROTOTYPES = YES;
				CLANG_WARN_SUSPICIOUS_MOVE = YES;
				CLANG_WARN_UNREACHABLE_CODE = YES;
				CLANG_WARN__DUPLICATE_METHOD_MATCH = YES;
				"CODE_SIGN_IDENTITY[sdk=iphoneos*]" = "iPhone Developer";
				COPY_PHASE_STRIP = NO;
				ENABLE_STRICT_OBJC_MSGSEND = YES;
				ENABLE_TESTABILITY = YES;
				GCC_C_LANGUAGE_STANDARD = gnu99;
				GCC_DYNAMIC_NO_PIC = NO;
				GCC_NO_COMMON_BLOCKS = YES;
				GCC_OPTIMIZATION_LEVEL = 0;
				GCC_PREPROCESSOR_DEFINITIONS = (
					"DEBUG=1",
					"$(inherited)",
				);
				GCC_SYMBOLS_PRIVATE_EXTERN = NO;
				GCC_WARN_64_TO_32_BIT_CONVERSION = YES;
				GCC_WARN_ABOUT_RETURN_TYPE = YES_ERROR;
				GCC_WARN_UNDECLARED_SELECTOR = YES;
				GCC_WARN_UNINITIALIZED_AUTOS = YES_AGGRESSIVE;
				GCC_WARN_UNUSED_FUNCTION = YES;
				GCC_WARN_UNUSED_VARIABLE = YES;
				IPHONEOS_DEPLOYMENT_TARGET = 10.0;
				LD_RUNPATH_SEARCH_PATHS = "/usr/lib/swift $(inherited)";
				LIBRARY_SEARCH_PATHS = (
					"\"$(TOOLCHAIN_DIR)/usr/lib/swift/$(PLATFORM_NAME)\"",
					"\"$(TOOLCHAIN_DIR)/usr/lib/swift-5.0/$(PLATFORM_NAME)\"",
					"\"$(inherited)\"",
				);
				MTL_ENABLE_DEBUG_INFO = YES;
				ONLY_ACTIVE_ARCH = YES;
				SDKROOT = iphoneos;
			};
			name = Debug;
		};
		83CBBA211A601CBA00E9B192 /* Release */ = {
			isa = XCBuildConfiguration;
			buildSettings = {
				ALWAYS_SEARCH_USER_PATHS = NO;
				CLANG_ANALYZER_LOCALIZABILITY_NONLOCALIZED = YES;
				CLANG_CXX_LANGUAGE_STANDARD = "gnu++0x";
				CLANG_CXX_LIBRARY = "libc++";
				CLANG_ENABLE_MODULES = YES;
				CLANG_ENABLE_OBJC_ARC = YES;
				CLANG_WARN_BLOCK_CAPTURE_AUTORELEASING = YES;
				CLANG_WARN_BOOL_CONVERSION = YES;
				CLANG_WARN_COMMA = YES;
				CLANG_WARN_CONSTANT_CONVERSION = YES;
				CLANG_WARN_DEPRECATED_OBJC_IMPLEMENTATIONS = YES;
				CLANG_WARN_DIRECT_OBJC_ISA_USAGE = YES_ERROR;
				CLANG_WARN_EMPTY_BODY = YES;
				CLANG_WARN_ENUM_CONVERSION = YES;
				CLANG_WARN_INFINITE_RECURSION = YES;
				CLANG_WARN_INT_CONVERSION = YES;
				CLANG_WARN_NON_LITERAL_NULL_CONVERSION = YES;
				CLANG_WARN_OBJC_IMPLICIT_RETAIN_SELF = YES;
				CLANG_WARN_OBJC_LITERAL_CONVERSION = YES;
				CLANG_WARN_OBJC_ROOT_CLASS = YES_ERROR;
				CLANG_WARN_RANGE_LOOP_ANALYSIS = YES;
				CLANG_WARN_STRICT_PROTOTYPES = YES;
				CLANG_WARN_SUSPICIOUS_MOVE = YES;
				CLANG_WARN_UNREACHABLE_CODE = YES;
				CLANG_WARN__DUPLICATE_METHOD_MATCH = YES;
				"CODE_SIGN_IDENTITY[sdk=iphoneos*]" = "iPhone Developer";
				COPY_PHASE_STRIP = YES;
				ENABLE_NS_ASSERTIONS = NO;
				ENABLE_STRICT_OBJC_MSGSEND = YES;
				GCC_C_LANGUAGE_STANDARD = gnu99;
				GCC_NO_COMMON_BLOCKS = YES;
				GCC_WARN_64_TO_32_BIT_CONVERSION = YES;
				GCC_WARN_ABOUT_RETURN_TYPE = YES_ERROR;
				GCC_WARN_UNDECLARED_SELECTOR = YES;
				GCC_WARN_UNINITIALIZED_AUTOS = YES_AGGRESSIVE;
				GCC_WARN_UNUSED_FUNCTION = YES;
				GCC_WARN_UNUSED_VARIABLE = YES;
				IPHONEOS_DEPLOYMENT_TARGET = 10.0;
				LD_RUNPATH_SEARCH_PATHS = "/usr/lib/swift $(inherited)";
				LIBRARY_SEARCH_PATHS = (
					"\"$(TOOLCHAIN_DIR)/usr/lib/swift/$(PLATFORM_NAME)\"",
					"\"$(TOOLCHAIN_DIR)/usr/lib/swift-5.0/$(PLATFORM_NAME)\"",
					"\"$(inherited)\"",
				);
				MTL_ENABLE_DEBUG_INFO = NO;
				SDKROOT = iphoneos;
				VALIDATE_PRODUCT = YES;
			};
			name = Release;
		};
/* End XCBuildConfiguration section */

/* Begin XCConfigurationList section */
		00E357021AD99517003FC87E /* Build configuration list for PBXNativeTarget "MBTaxiTests" */ = {
			isa = XCConfigurationList;
			buildConfigurations = (
				00E356F61AD99517003FC87E /* Debug */,
				00E356F71AD99517003FC87E /* Release */,
			);
			defaultConfigurationIsVisible = 0;
			defaultConfigurationName = Release;
		};
		13B07F931A680F5B00A75B9A /* Build configuration list for PBXNativeTarget "MBTaxi" */ = {
			isa = XCConfigurationList;
			buildConfigurations = (
				13B07F941A680F5B00A75B9A /* Debug */,
				13B07F951A680F5B00A75B9A /* Release */,
			);
			defaultConfigurationIsVisible = 0;
			defaultConfigurationName = Release;
		};
		2D02E4BA1E0B4A5E006451C7 /* Build configuration list for PBXNativeTarget "MBTaxi-tvOS" */ = {
			isa = XCConfigurationList;
			buildConfigurations = (
				2D02E4971E0B4A5E006451C7 /* Debug */,
				2D02E4981E0B4A5E006451C7 /* Release */,
			);
			defaultConfigurationIsVisible = 0;
			defaultConfigurationName = Release;
		};
		2D02E4BB1E0B4A5E006451C7 /* Build configuration list for PBXNativeTarget "MBTaxi-tvOSTests" */ = {
			isa = XCConfigurationList;
			buildConfigurations = (
				2D02E4991E0B4A5E006451C7 /* Debug */,
				2D02E49A1E0B4A5E006451C7 /* Release */,
			);
			defaultConfigurationIsVisible = 0;
			defaultConfigurationName = Release;
		};
		83CBB9FA1A601CBA00E9B192 /* Build configuration list for PBXProject "MBTaxi" */ = {
			isa = XCConfigurationList;
			buildConfigurations = (
				83CBBA201A601CBA00E9B192 /* Debug */,
				83CBBA211A601CBA00E9B192 /* Release */,
			);
			defaultConfigurationIsVisible = 0;
			defaultConfigurationName = Release;
		};
/* End XCConfigurationList section */
	};
	rootObject = 83CBB9F71A601CBA00E9B192 /* Project object */;
}
